// !$*UTF8*$!
{
	archiveVersion = 1;
	classes = {
	};
	objectVersion = 56;
	objects = {

/* Begin PBXBuildFile section */
		FA121B812C77A96700B2E5DC /* FirebaseAuth in Frameworks */ = {isa = PBXBuildFile; productRef = FA121B802C77A96700B2E5DC /* FirebaseAuth */; };
		FA121B832C77A96700B2E5DC /* FirebaseDatabase in Frameworks */ = {isa = PBXBuildFile; productRef = FA121B822C77A96700B2E5DC /* FirebaseDatabase */; };
		FA121B852C77A96700B2E5DC /* FirebaseMLModelDownloader in Frameworks */ = {isa = PBXBuildFile; productRef = FA121B842C77A96700B2E5DC /* FirebaseMLModelDownloader */; };
		FA121B872C77A96700B2E5DC /* FirebaseStorage in Frameworks */ = {isa = PBXBuildFile; productRef = FA121B862C77A96700B2E5DC /* FirebaseStorage */; };
		FA121B972C77AF9600B2E5DC /* SwiftUIIntrospect in Frameworks */ = {isa = PBXBuildFile; productRef = FA121B962C77AF9600B2E5DC /* SwiftUIIntrospect */; };
		FA121B9A2C77B1D100B2E5DC /* FirebaseManager.swift in Sources */ = {isa = PBXBuildFile; fileRef = FA121B992C77B1D100B2E5DC /* FirebaseManager.swift */; };
		FA121B9C2C77B29100B2E5DC /* GoogleService-Info.plist in Resources */ = {isa = PBXBuildFile; fileRef = FA121B9B2C77B29100B2E5DC /* GoogleService-Info.plist */; };
		FA8045ED2C7523DB005EB72B /* MessageItem.swift in Sources */ = {isa = PBXBuildFile; fileRef = FA8045EC2C7523DB005EB72B /* MessageItem.swift */; };
		FA8045EF2C7524F1005EB72B /* BubbleTextView.swift in Sources */ = {isa = PBXBuildFile; fileRef = FA8045EE2C7524F1005EB72B /* BubbleTextView.swift */; };
		FA8045F12C753391005EB72B /* BubbleTailView.swift in Sources */ = {isa = PBXBuildFile; fileRef = FA8045F02C753390005EB72B /* BubbleTailView.swift */; };
		FA8045F42C753510005EB72B /* CustomModifiers.swift in Sources */ = {isa = PBXBuildFile; fileRef = FA8045F32C753510005EB72B /* CustomModifiers.swift */; };
		FA8045F62C761DB5005EB72B /* BubbleImageView.swift in Sources */ = {isa = PBXBuildFile; fileRef = FA8045F52C761DB5005EB72B /* BubbleImageView.swift */; };
		FA8045F82C778221005EB72B /* BubbleAudioView.swift in Sources */ = {isa = PBXBuildFile; fileRef = FA8045F72C778221005EB72B /* BubbleAudioView.swift */; };
		FABC466E2C73E2D4008DA69B /* WhatsappApp.swift in Sources */ = {isa = PBXBuildFile; fileRef = FABC466D2C73E2D4008DA69B /* WhatsappApp.swift */; };
		FABC46722C73E2D6008DA69B /* Assets.xcassets in Resources */ = {isa = PBXBuildFile; fileRef = FABC46712C73E2D6008DA69B /* Assets.xcassets */; };
		FABC46752C73E2D6008DA69B /* Preview Assets.xcassets in Resources */ = {isa = PBXBuildFile; fileRef = FABC46742C73E2D6008DA69B /* Preview Assets.xcassets */; };
		FABC467C2C73E60D008DA69B /* MainTabView.swift in Sources */ = {isa = PBXBuildFile; fileRef = FABC467B2C73E60D008DA69B /* MainTabView.swift */; };
		FABC467E2C73EBBF008DA69B /* UpdatesTabScreen.swift in Sources */ = {isa = PBXBuildFile; fileRef = FABC467D2C73EBBF008DA69B /* UpdatesTabScreen.swift */; };
		FABC46802C73F755008DA69B /* CallTabScreen.swift in Sources */ = {isa = PBXBuildFile; fileRef = FABC467F2C73F755008DA69B /* CallTabScreen.swift */; };
		FABC46882C73FE48008DA69B /* CommunityTabScreen.swift in Sources */ = {isa = PBXBuildFile; fileRef = FABC46872C73FE48008DA69B /* CommunityTabScreen.swift */; };
		FABC468A2C740115008DA69B /* ChannelTabScreen.swift in Sources */ = {isa = PBXBuildFile; fileRef = FABC46892C740115008DA69B /* ChannelTabScreen.swift */; };
		FABC468C2C74040F008DA69B /* ChannelItemView.swift in Sources */ = {isa = PBXBuildFile; fileRef = FABC468B2C74040F008DA69B /* ChannelItemView.swift */; };
		FABC468E2C740781008DA69B /* SettingsTabScreen.swift in Sources */ = {isa = PBXBuildFile; fileRef = FABC468D2C740781008DA69B /* SettingsTabScreen.swift */; };
		FABC46902C74085D008DA69B /* SettingsItemView.swift in Sources */ = {isa = PBXBuildFile; fileRef = FABC468F2C74085D008DA69B /* SettingsItemView.swift */; };
		FABC46922C74092B008DA69B /* SettingsItem.swift in Sources */ = {isa = PBXBuildFile; fileRef = FABC46912C74092B008DA69B /* SettingsItem.swift */; };
		FABC46952C740EB8008DA69B /* ChatRoomScreen.swift in Sources */ = {isa = PBXBuildFile; fileRef = FABC46942C740EB8008DA69B /* ChatRoomScreen.swift */; };
		FABC46972C7410A8008DA69B /* TextInputAreaView.swift in Sources */ = {isa = PBXBuildFile; fileRef = FABC46962C7410A8008DA69B /* TextInputAreaView.swift */; };
		FABC46992C74D95E008DA69B /* MessageListViewController.swift in Sources */ = {isa = PBXBuildFile; fileRef = FABC46982C74D95E008DA69B /* MessageListViewController.swift */; };
		FABC469B2C74DB22008DA69B /* MessageListView.swift in Sources */ = {isa = PBXBuildFile; fileRef = FABC469A2C74DB22008DA69B /* MessageListView.swift */; };
/* End PBXBuildFile section */

/* Begin PBXCopyFilesBuildPhase section */
		FA8046082C77A58C005EB72B /* Embed Frameworks */ = {
			isa = PBXCopyFilesBuildPhase;
			buildActionMask = 2147483647;
			dstPath = "";
			dstSubfolderSpec = 10;
			files = (
			);
			name = "Embed Frameworks";
			runOnlyForDeploymentPostprocessing = 0;
		};
/* End PBXCopyFilesBuildPhase section */

/* Begin PBXFileReference section */
		FA121B992C77B1D100B2E5DC /* FirebaseManager.swift */ = {isa = PBXFileReference; lastKnownFileType = sourcecode.swift; path = FirebaseManager.swift; sourceTree = "<group>"; };
		FA121B9B2C77B29100B2E5DC /* GoogleService-Info.plist */ = {isa = PBXFileReference; fileEncoding = 4; lastKnownFileType = text.plist.xml; path = "GoogleService-Info.plist"; sourceTree = "<group>"; };
		FA8045EC2C7523DB005EB72B /* MessageItem.swift */ = {isa = PBXFileReference; lastKnownFileType = sourcecode.swift; path = MessageItem.swift; sourceTree = "<group>"; };
		FA8045EE2C7524F1005EB72B /* BubbleTextView.swift */ = {isa = PBXFileReference; lastKnownFileType = sourcecode.swift; path = BubbleTextView.swift; sourceTree = "<group>"; };
		FA8045F02C753390005EB72B /* BubbleTailView.swift */ = {isa = PBXFileReference; lastKnownFileType = sourcecode.swift; path = BubbleTailView.swift; sourceTree = "<group>"; };
		FA8045F32C753510005EB72B /* CustomModifiers.swift */ = {isa = PBXFileReference; lastKnownFileType = sourcecode.swift; path = CustomModifiers.swift; sourceTree = "<group>"; };
		FA8045F52C761DB5005EB72B /* BubbleImageView.swift */ = {isa = PBXFileReference; lastKnownFileType = sourcecode.swift; path = BubbleImageView.swift; sourceTree = "<group>"; };
		FA8045F72C778221005EB72B /* BubbleAudioView.swift */ = {isa = PBXFileReference; lastKnownFileType = sourcecode.swift; path = BubbleAudioView.swift; sourceTree = "<group>"; };
		FABC466A2C73E2D4008DA69B /* Whatsapp.app */ = {isa = PBXFileReference; explicitFileType = wrapper.application; includeInIndex = 0; path = Whatsapp.app; sourceTree = BUILT_PRODUCTS_DIR; };
		FABC466D2C73E2D4008DA69B /* WhatsappApp.swift */ = {isa = PBXFileReference; lastKnownFileType = sourcecode.swift; path = WhatsappApp.swift; sourceTree = "<group>"; };
		FABC46712C73E2D6008DA69B /* Assets.xcassets */ = {isa = PBXFileReference; lastKnownFileType = folder.assetcatalog; path = Assets.xcassets; sourceTree = "<group>"; };
		FABC46742C73E2D6008DA69B /* Preview Assets.xcassets */ = {isa = PBXFileReference; lastKnownFileType = folder.assetcatalog; path = "Preview Assets.xcassets"; sourceTree = "<group>"; };
		FABC467B2C73E60D008DA69B /* MainTabView.swift */ = {isa = PBXFileReference; lastKnownFileType = sourcecode.swift; path = MainTabView.swift; sourceTree = "<group>"; };
		FABC467D2C73EBBF008DA69B /* UpdatesTabScreen.swift */ = {isa = PBXFileReference; lastKnownFileType = sourcecode.swift; path = UpdatesTabScreen.swift; sourceTree = "<group>"; };
		FABC467F2C73F755008DA69B /* CallTabScreen.swift */ = {isa = PBXFileReference; lastKnownFileType = sourcecode.swift; path = CallTabScreen.swift; sourceTree = "<group>"; };
		FABC46872C73FE48008DA69B /* CommunityTabScreen.swift */ = {isa = PBXFileReference; lastKnownFileType = sourcecode.swift; path = CommunityTabScreen.swift; sourceTree = "<group>"; };
		FABC46892C740115008DA69B /* ChannelTabScreen.swift */ = {isa = PBXFileReference; lastKnownFileType = sourcecode.swift; path = ChannelTabScreen.swift; sourceTree = "<group>"; };
		FABC468B2C74040F008DA69B /* ChannelItemView.swift */ = {isa = PBXFileReference; lastKnownFileType = sourcecode.swift; path = ChannelItemView.swift; sourceTree = "<group>"; };
		FABC468D2C740781008DA69B /* SettingsTabScreen.swift */ = {isa = PBXFileReference; lastKnownFileType = sourcecode.swift; path = SettingsTabScreen.swift; sourceTree = "<group>"; };
		FABC468F2C74085D008DA69B /* SettingsItemView.swift */ = {isa = PBXFileReference; lastKnownFileType = sourcecode.swift; path = SettingsItemView.swift; sourceTree = "<group>"; };
		FABC46912C74092B008DA69B /* SettingsItem.swift */ = {isa = PBXFileReference; lastKnownFileType = sourcecode.swift; path = SettingsItem.swift; sourceTree = "<group>"; };
		FABC46942C740EB8008DA69B /* ChatRoomScreen.swift */ = {isa = PBXFileReference; lastKnownFileType = sourcecode.swift; path = ChatRoomScreen.swift; sourceTree = "<group>"; };
		FABC46962C7410A8008DA69B /* TextInputAreaView.swift */ = {isa = PBXFileReference; lastKnownFileType = sourcecode.swift; path = TextInputAreaView.swift; sourceTree = "<group>"; };
		FABC46982C74D95E008DA69B /* MessageListViewController.swift */ = {isa = PBXFileReference; lastKnownFileType = sourcecode.swift; path = MessageListViewController.swift; sourceTree = "<group>"; };
		FABC469A2C74DB22008DA69B /* MessageListView.swift */ = {isa = PBXFileReference; lastKnownFileType = sourcecode.swift; path = MessageListView.swift; sourceTree = "<group>"; };
/* End PBXFileReference section */

/* Begin PBXFrameworksBuildPhase section */
		FABC46672C73E2D4008DA69B /* Frameworks */ = {
			isa = PBXFrameworksBuildPhase;
			buildActionMask = 2147483647;
			files = (
				FA121B852C77A96700B2E5DC /* FirebaseMLModelDownloader in Frameworks */,
				FA121B872C77A96700B2E5DC /* FirebaseStorage in Frameworks */,
				FA121B832C77A96700B2E5DC /* FirebaseDatabase in Frameworks */,
				FA121B972C77AF9600B2E5DC /* SwiftUIIntrospect in Frameworks */,
				FA121B812C77A96700B2E5DC /* FirebaseAuth in Frameworks */,
			);
			runOnlyForDeploymentPostprocessing = 0;
		};
/* End PBXFrameworksBuildPhase section */

/* Begin PBXGroup section */
		FA121B982C77B1C700B2E5DC /* Managers */ = {
			isa = PBXGroup;
			children = (
				FA121B992C77B1D100B2E5DC /* FirebaseManager.swift */,
			);
			path = Managers;
			sourceTree = "<group>";
		};
		FA8045EB2C7523CE005EB72B /* Models */ = {
			isa = PBXGroup;
			children = (
				FA8045EC2C7523DB005EB72B /* MessageItem.swift */,
			);
			path = Models;
			sourceTree = "<group>";
		};
		FA8045F22C7534F9005EB72B /* Helpers */ = {
			isa = PBXGroup;
			children = (
				FA8045F32C753510005EB72B /* CustomModifiers.swift */,
			);
			path = Helpers;
			sourceTree = "<group>";
		};
		FABC46612C73E2D4008DA69B = {
			isa = PBXGroup;
			children = (
				FABC466C2C73E2D4008DA69B /* Whatsapp */,
				FABC466B2C73E2D4008DA69B /* Products */,
			);
			sourceTree = "<group>";
		};
		FABC466B2C73E2D4008DA69B /* Products */ = {
			isa = PBXGroup;
			children = (
				FABC466A2C73E2D4008DA69B /* Whatsapp.app */,
			);
			name = Products;
			sourceTree = "<group>";
		};
		FABC466C2C73E2D4008DA69B /* Whatsapp */ = {
			isa = PBXGroup;
			children = (
				FA121B982C77B1C700B2E5DC /* Managers */,
				FA8045F22C7534F9005EB72B /* Helpers */,
				FA8045EB2C7523CE005EB72B /* Models */,
				FABC46812C73FDCA008DA69B /* Screens */,
				FABC466D2C73E2D4008DA69B /* WhatsappApp.swift */,
				FABC46712C73E2D6008DA69B /* Assets.xcassets */,
				FABC46732C73E2D6008DA69B /* Preview Content */,
				FABC467B2C73E60D008DA69B /* MainTabView.swift */,
				FA121B9B2C77B29100B2E5DC /* GoogleService-Info.plist */,
			);
			path = Whatsapp;
			sourceTree = "<group>";
		};
		FABC46732C73E2D6008DA69B /* Preview Content */ = {
			isa = PBXGroup;
			children = (
				FABC46742C73E2D6008DA69B /* Preview Assets.xcassets */,
			);
			path = "Preview Content";
			sourceTree = "<group>";
		};
		FABC46812C73FDCA008DA69B /* Screens */ = {
			isa = PBXGroup;
			children = (
				FABC46862C73FDF8008DA69B /* Updates */,
				FABC46852C73FDF5008DA69B /* Calls */,
				FABC46842C73FDE7008DA69B /* Community */,
				FABC46832C73FDE3008DA69B /* Channel */,
				FABC46932C740EA9008DA69B /* Chat */,
				FABC46822C73FDD3008DA69B /* Settings */,
			);
			path = Screens;
			sourceTree = "<group>";
		};
		FABC46822C73FDD3008DA69B /* Settings */ = {
			isa = PBXGroup;
			children = (
				FABC468D2C740781008DA69B /* SettingsTabScreen.swift */,
				FABC468F2C74085D008DA69B /* SettingsItemView.swift */,
				FABC46912C74092B008DA69B /* SettingsItem.swift */,
			);
			path = Settings;
			sourceTree = "<group>";
		};
		FABC46832C73FDE3008DA69B /* Channel */ = {
			isa = PBXGroup;
			children = (
				FABC46892C740115008DA69B /* ChannelTabScreen.swift */,
				FABC468B2C74040F008DA69B /* ChannelItemView.swift */,
			);
			path = Channel;
			sourceTree = "<group>";
		};
		FABC46842C73FDE7008DA69B /* Community */ = {
			isa = PBXGroup;
			children = (
				FABC46872C73FE48008DA69B /* CommunityTabScreen.swift */,
			);
			path = Community;
			sourceTree = "<group>";
		};
		FABC46852C73FDF5008DA69B /* Calls */ = {
			isa = PBXGroup;
			children = (
				FABC467F2C73F755008DA69B /* CallTabScreen.swift */,
			);
			path = Calls;
			sourceTree = "<group>";
		};
		FABC46862C73FDF8008DA69B /* Updates */ = {
			isa = PBXGroup;
			children = (
				FABC467D2C73EBBF008DA69B /* UpdatesTabScreen.swift */,
			);
			path = Updates;
			sourceTree = "<group>";
		};
		FABC46932C740EA9008DA69B /* Chat */ = {
			isa = PBXGroup;
			children = (
				FABC46942C740EB8008DA69B /* ChatRoomScreen.swift */,
				FABC46962C7410A8008DA69B /* TextInputAreaView.swift */,
				FABC46982C74D95E008DA69B /* MessageListViewController.swift */,
				FABC469A2C74DB22008DA69B /* MessageListView.swift */,
				FA8045EE2C7524F1005EB72B /* BubbleTextView.swift */,
				FA8045F52C761DB5005EB72B /* BubbleImageView.swift */,
				FA8045F72C778221005EB72B /* BubbleAudioView.swift */,
				FA8045F02C753390005EB72B /* BubbleTailView.swift */,
			);
			path = Chat;
			sourceTree = "<group>";
		};
/* End PBXGroup section */

/* Begin PBXNativeTarget section */
		FABC46692C73E2D4008DA69B /* Whatsapp */ = {
			isa = PBXNativeTarget;
			buildConfigurationList = FABC46782C73E2D6008DA69B /* Build configuration list for PBXNativeTarget "Whatsapp" */;
			buildPhases = (
				FABC46662C73E2D4008DA69B /* Sources */,
				FABC46672C73E2D4008DA69B /* Frameworks */,
				FABC46682C73E2D4008DA69B /* Resources */,
				FA8046082C77A58C005EB72B /* Embed Frameworks */,
			);
			buildRules = (
			);
			dependencies = (
			);
			name = Whatsapp;
			packageProductDependencies = (
				FA121B802C77A96700B2E5DC /* FirebaseAuth */,
				FA121B822C77A96700B2E5DC /* FirebaseDatabase */,
				FA121B842C77A96700B2E5DC /* FirebaseMLModelDownloader */,
				FA121B862C77A96700B2E5DC /* FirebaseStorage */,
				FA121B962C77AF9600B2E5DC /* SwiftUIIntrospect */,
			);
			productName = Whatsapp;
			productReference = FABC466A2C73E2D4008DA69B /* Whatsapp.app */;
			productType = "com.apple.product-type.application";
		};
/* End PBXNativeTarget section */

/* Begin PBXProject section */
		FABC46622C73E2D4008DA69B /* Project object */ = {
			isa = PBXProject;
			attributes = {
				BuildIndependentTargetsInParallel = 1;
				LastSwiftUpdateCheck = 1540;
				LastUpgradeCheck = 1540;
				TargetAttributes = {
					FABC46692C73E2D4008DA69B = {
						CreatedOnToolsVersion = 15.4;
					};
				};
			};
			buildConfigurationList = FABC46652C73E2D4008DA69B /* Build configuration list for PBXProject "Whatsapp" */;
			compatibilityVersion = "Xcode 14.0";
			developmentRegion = en;
			hasScannedForEncodings = 0;
			knownRegions = (
				en,
				Base,
			);
			mainGroup = FABC46612C73E2D4008DA69B;
			packageReferences = (
				FA121B7F2C77A96700B2E5DC /* XCRemoteSwiftPackageReference "firebase-ios-sdk" */,
				FA121B952C77AF9500B2E5DC /* XCRemoteSwiftPackageReference "swiftui-introspect" */,
			);
			productRefGroup = FABC466B2C73E2D4008DA69B /* Products */;
			projectDirPath = "";
			projectRoot = "";
			targets = (
				FABC46692C73E2D4008DA69B /* Whatsapp */,
			);
		};
/* End PBXProject section */

/* Begin PBXResourcesBuildPhase section */
		FABC46682C73E2D4008DA69B /* Resources */ = {
			isa = PBXResourcesBuildPhase;
			buildActionMask = 2147483647;
			files = (
				FABC46752C73E2D6008DA69B /* Preview Assets.xcassets in Resources */,
				FABC46722C73E2D6008DA69B /* Assets.xcassets in Resources */,
				FA121B9C2C77B29100B2E5DC /* GoogleService-Info.plist in Resources */,
			);
			runOnlyForDeploymentPostprocessing = 0;
		};
/* End PBXResourcesBuildPhase section */

/* Begin PBXSourcesBuildPhase section */
		FABC46662C73E2D4008DA69B /* Sources */ = {
			isa = PBXSourcesBuildPhase;
			buildActionMask = 2147483647;
			files = (
				FABC468E2C740781008DA69B /* SettingsTabScreen.swift in Sources */,
				FABC467E2C73EBBF008DA69B /* UpdatesTabScreen.swift in Sources */,
				FABC46802C73F755008DA69B /* CallTabScreen.swift in Sources */,
				FABC46882C73FE48008DA69B /* CommunityTabScreen.swift in Sources */,
				FABC468A2C740115008DA69B /* ChannelTabScreen.swift in Sources */,
				FABC466E2C73E2D4008DA69B /* WhatsappApp.swift in Sources */,
				FA8045F12C753391005EB72B /* BubbleTailView.swift in Sources */,
				FABC46952C740EB8008DA69B /* ChatRoomScreen.swift in Sources */,
				FABC46902C74085D008DA69B /* SettingsItemView.swift in Sources */,
				FA121B9A2C77B1D100B2E5DC /* FirebaseManager.swift in Sources */,
				FA8045F62C761DB5005EB72B /* BubbleImageView.swift in Sources */,
				FABC469B2C74DB22008DA69B /* MessageListView.swift in Sources */,
				FABC468C2C74040F008DA69B /* ChannelItemView.swift in Sources */,
				FABC467C2C73E60D008DA69B /* MainTabView.swift in Sources */,
				FA8045EF2C7524F1005EB72B /* BubbleTextView.swift in Sources */,
				FA8045ED2C7523DB005EB72B /* MessageItem.swift in Sources */,
				FABC46922C74092B008DA69B /* SettingsItem.swift in Sources */,
				FA8045F42C753510005EB72B /* CustomModifiers.swift in Sources */,
				FA8045F82C778221005EB72B /* BubbleAudioView.swift in Sources */,
				FABC46972C7410A8008DA69B /* TextInputAreaView.swift in Sources */,
				FABC46992C74D95E008DA69B /* MessageListViewController.swift in Sources */,
			);
			runOnlyForDeploymentPostprocessing = 0;
		};
/* End PBXSourcesBuildPhase section */

/* Begin XCBuildConfiguration section */
		FABC46762C73E2D6008DA69B /* Debug */ = {
			isa = XCBuildConfiguration;
			buildSettings = {
				ALWAYS_SEARCH_USER_PATHS = NO;
				ASSETCATALOG_COMPILER_GENERATE_SWIFT_ASSET_SYMBOL_EXTENSIONS = YES;
				CLANG_ANALYZER_NONNULL = YES;
				CLANG_ANALYZER_NUMBER_OBJECT_CONVERSION = YES_AGGRESSIVE;
				CLANG_CXX_LANGUAGE_STANDARD = "gnu++20";
				CLANG_ENABLE_MODULES = YES;
				CLANG_ENABLE_OBJC_ARC = YES;
				CLANG_ENABLE_OBJC_WEAK = YES;
				CLANG_WARN_BLOCK_CAPTURE_AUTORELEASING = YES;
				CLANG_WARN_BOOL_CONVERSION = YES;
				CLANG_WARN_COMMA = YES;
				CLANG_WARN_CONSTANT_CONVERSION = YES;
				CLANG_WARN_DEPRECATED_OBJC_IMPLEMENTATIONS = YES;
				CLANG_WARN_DIRECT_OBJC_ISA_USAGE = YES_ERROR;
				CLANG_WARN_DOCUMENTATION_COMMENTS = YES;
				CLANG_WARN_EMPTY_BODY = YES;
				CLANG_WARN_ENUM_CONVERSION = YES;
				CLANG_WARN_INFINITE_RECURSION = YES;
				CLANG_WARN_INT_CONVERSION = YES;
				CLANG_WARN_NON_LITERAL_NULL_CONVERSION = YES;
				CLANG_WARN_OBJC_IMPLICIT_RETAIN_SELF = YES;
				CLANG_WARN_OBJC_LITERAL_CONVERSION = YES;
				CLANG_WARN_OBJC_ROOT_CLASS = YES_ERROR;
				CLANG_WARN_QUOTED_INCLUDE_IN_FRAMEWORK_HEADER = YES;
				CLANG_WARN_RANGE_LOOP_ANALYSIS = YES;
				CLANG_WARN_STRICT_PROTOTYPES = YES;
				CLANG_WARN_SUSPICIOUS_MOVE = YES;
				CLANG_WARN_UNGUARDED_AVAILABILITY = YES_AGGRESSIVE;
				CLANG_WARN_UNREACHABLE_CODE = YES;
				CLANG_WARN__DUPLICATE_METHOD_MATCH = YES;
				COPY_PHASE_STRIP = NO;
				DEBUG_INFORMATION_FORMAT = dwarf;
				ENABLE_STRICT_OBJC_MSGSEND = YES;
				ENABLE_TESTABILITY = YES;
				ENABLE_USER_SCRIPT_SANDBOXING = YES;
				GCC_C_LANGUAGE_STANDARD = gnu17;
				GCC_DYNAMIC_NO_PIC = NO;
				GCC_NO_COMMON_BLOCKS = YES;
				GCC_OPTIMIZATION_LEVEL = 0;
				GCC_PREPROCESSOR_DEFINITIONS = (
					"DEBUG=1",
					"$(inherited)",
				);
				GCC_WARN_64_TO_32_BIT_CONVERSION = YES;
				GCC_WARN_ABOUT_RETURN_TYPE = YES_ERROR;
				GCC_WARN_UNDECLARED_SELECTOR = YES;
				GCC_WARN_UNINITIALIZED_AUTOS = YES_AGGRESSIVE;
				GCC_WARN_UNUSED_FUNCTION = YES;
				GCC_WARN_UNUSED_VARIABLE = YES;
				IPHONEOS_DEPLOYMENT_TARGET = 17.5;
				LOCALIZATION_PREFERS_STRING_CATALOGS = YES;
				MTL_ENABLE_DEBUG_INFO = INCLUDE_SOURCE;
				MTL_FAST_MATH = YES;
				ONLY_ACTIVE_ARCH = YES;
				SDKROOT = iphoneos;
				SWIFT_ACTIVE_COMPILATION_CONDITIONS = "DEBUG $(inherited)";
				SWIFT_OPTIMIZATION_LEVEL = "-Onone";
			};
			name = Debug;
		};
		FABC46772C73E2D6008DA69B /* Release */ = {
			isa = XCBuildConfiguration;
			buildSettings = {
				ALWAYS_SEARCH_USER_PATHS = NO;
				ASSETCATALOG_COMPILER_GENERATE_SWIFT_ASSET_SYMBOL_EXTENSIONS = YES;
				CLANG_ANALYZER_NONNULL = YES;
				CLANG_ANALYZER_NUMBER_OBJECT_CONVERSION = YES_AGGRESSIVE;
				CLANG_CXX_LANGUAGE_STANDARD = "gnu++20";
				CLANG_ENABLE_MODULES = YES;
				CLANG_ENABLE_OBJC_ARC = YES;
				CLANG_ENABLE_OBJC_WEAK = YES;
				CLANG_WARN_BLOCK_CAPTURE_AUTORELEASING = YES;
				CLANG_WARN_BOOL_CONVERSION = YES;
				CLANG_WARN_COMMA = YES;
				CLANG_WARN_CONSTANT_CONVERSION = YES;
				CLANG_WARN_DEPRECATED_OBJC_IMPLEMENTATIONS = YES;
				CLANG_WARN_DIRECT_OBJC_ISA_USAGE = YES_ERROR;
				CLANG_WARN_DOCUMENTATION_COMMENTS = YES;
				CLANG_WARN_EMPTY_BODY = YES;
				CLANG_WARN_ENUM_CONVERSION = YES;
				CLANG_WARN_INFINITE_RECURSION = YES;
				CLANG_WARN_INT_CONVERSION = YES;
				CLANG_WARN_NON_LITERAL_NULL_CONVERSION = YES;
				CLANG_WARN_OBJC_IMPLICIT_RETAIN_SELF = YES;
				CLANG_WARN_OBJC_LITERAL_CONVERSION = YES;
				CLANG_WARN_OBJC_ROOT_CLASS = YES_ERROR;
				CLANG_WARN_QUOTED_INCLUDE_IN_FRAMEWORK_HEADER = YES;
				CLANG_WARN_RANGE_LOOP_ANALYSIS = YES;
				CLANG_WARN_STRICT_PROTOTYPES = YES;
				CLANG_WARN_SUSPICIOUS_MOVE = YES;
				CLANG_WARN_UNGUARDED_AVAILABILITY = YES_AGGRESSIVE;
				CLANG_WARN_UNREACHABLE_CODE = YES;
				CLANG_WARN__DUPLICATE_METHOD_MATCH = YES;
				COPY_PHASE_STRIP = NO;
				DEBUG_INFORMATION_FORMAT = "dwarf-with-dsym";
				ENABLE_NS_ASSERTIONS = NO;
				ENABLE_STRICT_OBJC_MSGSEND = YES;
				ENABLE_USER_SCRIPT_SANDBOXING = YES;
				GCC_C_LANGUAGE_STANDARD = gnu17;
				GCC_NO_COMMON_BLOCKS = YES;
				GCC_WARN_64_TO_32_BIT_CONVERSION = YES;
				GCC_WARN_ABOUT_RETURN_TYPE = YES_ERROR;
				GCC_WARN_UNDECLARED_SELECTOR = YES;
				GCC_WARN_UNINITIALIZED_AUTOS = YES_AGGRESSIVE;
				GCC_WARN_UNUSED_FUNCTION = YES;
				GCC_WARN_UNUSED_VARIABLE = YES;
				IPHONEOS_DEPLOYMENT_TARGET = 17.5;
				LOCALIZATION_PREFERS_STRING_CATALOGS = YES;
				MTL_ENABLE_DEBUG_INFO = NO;
				MTL_FAST_MATH = YES;
				SDKROOT = iphoneos;
				SWIFT_COMPILATION_MODE = wholemodule;
				VALIDATE_PRODUCT = YES;
			};
			name = Release;
		};
		FABC46792C73E2D6008DA69B /* Debug */ = {
			isa = XCBuildConfiguration;
			buildSettings = {
				ASSETCATALOG_COMPILER_APPICON_NAME = AppIcon;
				ASSETCATALOG_COMPILER_GLOBAL_ACCENT_COLOR_NAME = AccentColor;
				CODE_SIGN_STYLE = Automatic;
				CURRENT_PROJECT_VERSION = 1;
				DEVELOPMENT_ASSET_PATHS = "\"Whatsapp/Preview Content\"";
				ENABLE_PREVIEWS = YES;
				GENERATE_INFOPLIST_FILE = YES;
				INFOPLIST_KEY_UIApplicationSceneManifest_Generation = YES;
				INFOPLIST_KEY_UIApplicationSupportsIndirectInputEvents = YES;
				INFOPLIST_KEY_UILaunchScreen_Generation = YES;
				INFOPLIST_KEY_UISupportedInterfaceOrientations_iPad = "UIInterfaceOrientationPortrait UIInterfaceOrientationPortraitUpsideDown UIInterfaceOrientationLandscapeLeft UIInterfaceOrientationLandscapeRight";
				INFOPLIST_KEY_UISupportedInterfaceOrientations_iPhone = "UIInterfaceOrientationPortrait UIInterfaceOrientationLandscapeLeft UIInterfaceOrientationLandscapeRight";
				LD_RUNPATH_SEARCH_PATHS = (
					"$(inherited)",
					"@executable_path/Frameworks",
				);
				MARKETING_VERSION = 1.0;
				PRODUCT_BUNDLE_IDENTIFIER = com.swiftui.Whatsapp;
				PRODUCT_NAME = "$(TARGET_NAME)";
				SWIFT_EMIT_LOC_STRINGS = YES;
				SWIFT_VERSION = 5.0;
				TARGETED_DEVICE_FAMILY = "1,2";
			};
			name = Debug;
		};
		FABC467A2C73E2D6008DA69B /* Release */ = {
			isa = XCBuildConfiguration;
			buildSettings = {
				ASSETCATALOG_COMPILER_APPICON_NAME = AppIcon;
				ASSETCATALOG_COMPILER_GLOBAL_ACCENT_COLOR_NAME = AccentColor;
				CODE_SIGN_STYLE = Automatic;
				CURRENT_PROJECT_VERSION = 1;
				DEVELOPMENT_ASSET_PATHS = "\"Whatsapp/Preview Content\"";
				ENABLE_PREVIEWS = YES;
				GENERATE_INFOPLIST_FILE = YES;
				INFOPLIST_KEY_UIApplicationSceneManifest_Generation = YES;
				INFOPLIST_KEY_UIApplicationSupportsIndirectInputEvents = YES;
				INFOPLIST_KEY_UILaunchScreen_Generation = YES;
				INFOPLIST_KEY_UISupportedInterfaceOrientations_iPad = "UIInterfaceOrientationPortrait UIInterfaceOrientationPortraitUpsideDown UIInterfaceOrientationLandscapeLeft UIInterfaceOrientationLandscapeRight";
				INFOPLIST_KEY_UISupportedInterfaceOrientations_iPhone = "UIInterfaceOrientationPortrait UIInterfaceOrientationLandscapeLeft UIInterfaceOrientationLandscapeRight";
				LD_RUNPATH_SEARCH_PATHS = (
					"$(inherited)",
					"@executable_path/Frameworks",
				);
				MARKETING_VERSION = 1.0;
				PRODUCT_BUNDLE_IDENTIFIER = com.swiftui.Whatsapp;
				PRODUCT_NAME = "$(TARGET_NAME)";
				SWIFT_EMIT_LOC_STRINGS = YES;
				SWIFT_VERSION = 5.0;
				TARGETED_DEVICE_FAMILY = "1,2";
			};
			name = Release;
		};
/* End XCBuildConfiguration section */

/* Begin XCConfigurationList section */
		FABC46652C73E2D4008DA69B /* Build configuration list for PBXProject "Whatsapp" */ = {
			isa = XCConfigurationList;
			buildConfigurations = (
				FABC46762C73E2D6008DA69B /* Debug */,
				FABC46772C73E2D6008DA69B /* Release */,
			);
			defaultConfigurationIsVisible = 0;
			defaultConfigurationName = Release;
		};
		FABC46782C73E2D6008DA69B /* Build configuration list for PBXNativeTarget "Whatsapp" */ = {
			isa = XCConfigurationList;
			buildConfigurations = (
				FABC46792C73E2D6008DA69B /* Debug */,
				FABC467A2C73E2D6008DA69B /* Release */,
			);
			defaultConfigurationIsVisible = 0;
			defaultConfigurationName = Release;
		};
/* End XCConfigurationList section */

/* Begin XCRemoteSwiftPackageReference section */
		FA121B7F2C77A96700B2E5DC /* XCRemoteSwiftPackageReference "firebase-ios-sdk" */ = {
			isa = XCRemoteSwiftPackageReference;
			repositoryURL = "https://github.com/firebase/firebase-ios-sdk";
			requirement = {
				kind = upToNextMajorVersion;
				minimumVersion = 11.1.0;
			};
		};
		FA121B952C77AF9500B2E5DC /* XCRemoteSwiftPackageReference "swiftui-introspect" */ = {
			isa = XCRemoteSwiftPackageReference;
			repositoryURL = "https://github.com/siteline/swiftui-introspect";
			requirement = {
				kind = exactVersion;
				version = 1.0.0;
			};
		};
/* End XCRemoteSwiftPackageReference section */

/* Begin XCSwiftPackageProductDependency section */
		FA121B802C77A96700B2E5DC /* FirebaseAuth */ = {
			isa = XCSwiftPackageProductDependency;
			package = FA121B7F2C77A96700B2E5DC /* XCRemoteSwiftPackageReference "firebase-ios-sdk" */;
			productName = FirebaseAuth;
		};
		FA121B822C77A96700B2E5DC /* FirebaseDatabase */ = {
			isa = XCSwiftPackageProductDependency;
			package = FA121B7F2C77A96700B2E5DC /* XCRemoteSwiftPackageReference "firebase-ios-sdk" */;
			productName = FirebaseDatabase;
		};
		FA121B842C77A96700B2E5DC /* FirebaseMLModelDownloader */ = {
			isa = XCSwiftPackageProductDependency;
			package = FA121B7F2C77A96700B2E5DC /* XCRemoteSwiftPackageReference "firebase-ios-sdk" */;
			productName = FirebaseMLModelDownloader;
		};
		FA121B862C77A96700B2E5DC /* FirebaseStorage */ = {
			isa = XCSwiftPackageProductDependency;
			package = FA121B7F2C77A96700B2E5DC /* XCRemoteSwiftPackageReference "firebase-ios-sdk" */;
			productName = FirebaseStorage;
		};
		FA121B962C77AF9600B2E5DC /* SwiftUIIntrospect */ = {
			isa = XCSwiftPackageProductDependency;
			package = FA121B952C77AF9500B2E5DC /* XCRemoteSwiftPackageReference "swiftui-introspect" */;
			productName = SwiftUIIntrospect;
		};
/* End XCSwiftPackageProductDependency section */
	};
	rootObject = FABC46622C73E2D4008DA69B /* Project object */;
}
