// !$*UTF8*$!
{
	archiveVersion = 1;
	classes = {
	};
	objectVersion = 56;
	objects = {

/* Begin PBXBuildFile section */
		FA121B812C77A96700B2E5DC /* FirebaseAuth in Frameworks */ = {isa = PBXBuildFile; productRef = FA121B802C77A96700B2E5DC /* FirebaseAuth */; };
		FA121B832C77A96700B2E5DC /* FirebaseDatabase in Frameworks */ = {isa = PBXBuildFile; productRef = FA121B822C77A96700B2E5DC /* FirebaseDatabase */; };
		FA121B852C77A96700B2E5DC /* FirebaseMLModelDownloader in Frameworks */ = {isa = PBXBuildFile; productRef = FA121B842C77A96700B2E5DC /* FirebaseMLModelDownloader */; };
		FA121B872C77A96700B2E5DC /* FirebaseStorage in Frameworks */ = {isa = PBXBuildFile; productRef = FA121B862C77A96700B2E5DC /* FirebaseStorage */; };
		FA121B972C77AF9600B2E5DC /* SwiftUIIntrospect in Frameworks */ = {isa = PBXBuildFile; productRef = FA121B962C77AF9600B2E5DC /* SwiftUIIntrospect */; };
		FA121B9A2C77B1D100B2E5DC /* FirebaseManager.swift in Sources */ = {isa = PBXBuildFile; fileRef = FA121B992C77B1D100B2E5DC /* FirebaseManager.swift */; };
		FA121B9C2C77B29100B2E5DC /* GoogleService-Info.plist in Resources */ = {isa = PBXBuildFile; fileRef = FA121B9B2C77B29100B2E5DC /* GoogleService-Info.plist */; };
		FA121BA12C77B40300B2E5DC /* LoginScreen.swift in Sources */ = {isa = PBXBuildFile; fileRef = FA121BA02C77B40300B2E5DC /* LoginScreen.swift */; };
		FA121BA32C77B4A500B2E5DC /* AuthHeaderView.swift in Sources */ = {isa = PBXBuildFile; fileRef = FA121BA22C77B4A500B2E5DC /* AuthHeaderView.swift */; };
		FA121BAC2C77B7B600B2E5DC /* Constants.swift in Sources */ = {isa = PBXBuildFile; fileRef = FA121BAB2C77B7B600B2E5DC /* Constants.swift */; };
		FA121BAE2C77B9E400B2E5DC /* AuthTextField.swift in Sources */ = {isa = PBXBuildFile; fileRef = FA121BAD2C77B9E400B2E5DC /* AuthTextField.swift */; };
		FA121BB02C77C24500B2E5DC /* AuthButton.swift in Sources */ = {isa = PBXBuildFile; fileRef = FA121BAF2C77C24500B2E5DC /* AuthButton.swift */; };
		FA121BB22C77CBB700B2E5DC /* SignUpScreen.swift in Sources */ = {isa = PBXBuildFile; fileRef = FA121BB12C77CBB700B2E5DC /* SignUpScreen.swift */; };
		FA121BB42C77CF2900B2E5DC /* AuthViewModel.swift in Sources */ = {isa = PBXBuildFile; fileRef = FA121BB32C77CF2900B2E5DC /* AuthViewModel.swift */; };
		FA121BB72C77D25A00B2E5DC /* AuthProviderService.swift in Sources */ = {isa = PBXBuildFile; fileRef = FA121BB62C77D25A00B2E5DC /* AuthProviderService.swift */; };
		FA121BBA2C77F07A00B2E5DC /* CodableFirebase in Frameworks */ = {isa = PBXBuildFile; productRef = FA121BB92C77F07A00B2E5DC /* CodableFirebase */; };
		FA121BBD2C77F5E300B2E5DC /* RootScreen.swift in Sources */ = {isa = PBXBuildFile; fileRef = FA121BBC2C77F5E300B2E5DC /* RootScreen.swift */; };
		FA121BBF2C77F5FB00B2E5DC /* RootViewModel.swift in Sources */ = {isa = PBXBuildFile; fileRef = FA121BBE2C77F5FB00B2E5DC /* RootViewModel.swift */; };
		FA121BC12C77F99300B2E5DC /* SettingsViewModel.swift in Sources */ = {isa = PBXBuildFile; fileRef = FA121BC02C77F99300B2E5DC /* SettingsViewModel.swift */; };
		FA121BC32C77FBFE00B2E5DC /* User.swift in Sources */ = {isa = PBXBuildFile; fileRef = FA121BC22C77FBFE00B2E5DC /* User.swift */; };
		FA121BC52C77FEE500B2E5DC /* LoginRequest.swift in Sources */ = {isa = PBXBuildFile; fileRef = FA121BC42C77FEE500B2E5DC /* LoginRequest.swift */; };
		FA121BC92C78A81D00B2E5DC /* ChatPartnerPickerScreen.swift in Sources */ = {isa = PBXBuildFile; fileRef = FA121BC82C78A81C00B2E5DC /* ChatPartnerPickerScreen.swift */; };
		FA121BCB2C78ABA300B2E5DC /* ChatPartnerRowView.swift in Sources */ = {isa = PBXBuildFile; fileRef = FA121BCA2C78ABA300B2E5DC /* ChatPartnerRowView.swift */; };
		FA121BCD2C78B2FD00B2E5DC /* ChatPartnerPickerViewModel.swift in Sources */ = {isa = PBXBuildFile; fileRef = FA121BCC2C78B2FD00B2E5DC /* ChatPartnerPickerViewModel.swift */; };
		FA121BCF2C78B50B00B2E5DC /* GroupPartnerPickerScreen.swift in Sources */ = {isa = PBXBuildFile; fileRef = FA121BCE2C78B50B00B2E5DC /* GroupPartnerPickerScreen.swift */; };
		FA24B1922C7F8FCA00B0A986 /* PhotosPickerItem+Extensions.swift in Sources */ = {isa = PBXBuildFile; fileRef = FA24B1912C7F8FCA00B0A986 /* PhotosPickerItem+Extensions.swift */; };
		FA24B1942C7F91D300B0A986 /* MediaPickerItem_Types.swift in Sources */ = {isa = PBXBuildFile; fileRef = FA24B1932C7F91D300B0A986 /* MediaPickerItem_Types.swift */; };
		FA3A77872C7FBCD600B5239A /* MediaPlayerView.swift in Sources */ = {isa = PBXBuildFile; fileRef = FA3A77862C7FBCD600B5239A /* MediaPlayerView.swift */; };
		FA424A772C7FACD200BC4FBE /* URL+Extensions.swift in Sources */ = {isa = PBXBuildFile; fileRef = FA424A762C7FACD100BC4FBE /* URL+Extensions.swift */; };
		FA5855412C813ECD00028775 /* FirebaseHelper.swift in Sources */ = {isa = PBXBuildFile; fileRef = FA5855402C813ECD00028775 /* FirebaseHelper.swift */; };
		FA5855432C84F9BE00028775 /* UIApplication+Extensions.swift in Sources */ = {isa = PBXBuildFile; fileRef = FA5855422C84F9BD00028775 /* UIApplication+Extensions.swift */; };
		FA5855452C871DA900028775 /* UIWindowScene+Extensions.swift in Sources */ = {isa = PBXBuildFile; fileRef = FA5855442C871DA900028775 /* UIWindowScene+Extensions.swift */; };
		FA5855472C87E83C00028775 /* VoiceMessagePlayer.swift in Sources */ = {isa = PBXBuildFile; fileRef = FA5855462C87E83C00028775 /* VoiceMessagePlayer.swift */; };
		FA5D286A2C80BEB0005558E1 /* AudioRecorderService.swift in Sources */ = {isa = PBXBuildFile; fileRef = FA5D28692C80BEB0005558E1 /* AudioRecorderService.swift */; };
		FA8045ED2C7523DB005EB72B /* Message.swift in Sources */ = {isa = PBXBuildFile; fileRef = FA8045EC2C7523DB005EB72B /* Message.swift */; };
		FA8045EF2C7524F1005EB72B /* BubbleTextView.swift in Sources */ = {isa = PBXBuildFile; fileRef = FA8045EE2C7524F1005EB72B /* BubbleTextView.swift */; };
		FA8045F12C753391005EB72B /* BubbleTailView.swift in Sources */ = {isa = PBXBuildFile; fileRef = FA8045F02C753390005EB72B /* BubbleTailView.swift */; };
		FA8045F42C753510005EB72B /* CustomModifiers.swift in Sources */ = {isa = PBXBuildFile; fileRef = FA8045F32C753510005EB72B /* CustomModifiers.swift */; };
		FA8045F62C761DB5005EB72B /* BubbleImageView.swift in Sources */ = {isa = PBXBuildFile; fileRef = FA8045F52C761DB5005EB72B /* BubbleImageView.swift */; };
		FA8045F82C778221005EB72B /* BubbleAudioView.swift in Sources */ = {isa = PBXBuildFile; fileRef = FA8045F72C778221005EB72B /* BubbleAudioView.swift */; };
		FA8216992C78C3CD005BE060 /* SelectedChatPartnerView.swift in Sources */ = {isa = PBXBuildFile; fileRef = FA8216982C78C3CD005BE060 /* SelectedChatPartnerView.swift */; };
		FA82169B2C78C9E3005BE060 /* GroupSetupScreen.swift in Sources */ = {isa = PBXBuildFile; fileRef = FA82169A2C78C9E3005BE060 /* GroupSetupScreen.swift */; };
		FA82169D2C78D88B005BE060 /* UserService.swift in Sources */ = {isa = PBXBuildFile; fileRef = FA82169C2C78D88B005BE060 /* UserService.swift */; };
		FA8216A02C78D96C005BE060 /* AuthFirebaseManager.swift in Sources */ = {isa = PBXBuildFile; fileRef = FA82169F2C78D96C005BE060 /* AuthFirebaseManager.swift */; };
		FA8216A22C78DA0C005BE060 /* UserFirebaseManager.swift in Sources */ = {isa = PBXBuildFile; fileRef = FA8216A12C78DA0C005BE060 /* UserFirebaseManager.swift */; };
		FA8216A62C7A6A9E005BE060 /* Channel.swift in Sources */ = {isa = PBXBuildFile; fileRef = FA8216A52C7A6A9E005BE060 /* Channel.swift */; };
		FA8216A82C7A6F0D005BE060 /* ChannelViewModel.swift in Sources */ = {isa = PBXBuildFile; fileRef = FA8216A72C7A6F0C005BE060 /* ChannelViewModel.swift */; };
		FA8216AB2C7A77C9005BE060 /* String+Extensions.swift in Sources */ = {isa = PBXBuildFile; fileRef = FA8216AA2C7A77C9005BE060 /* String+Extensions.swift */; };
		FA8216AD2C7A7936005BE060 /* ChannelFirebaseManager.swift in Sources */ = {isa = PBXBuildFile; fileRef = FA8216AC2C7A7936005BE060 /* ChannelFirebaseManager.swift */; };
		FA8216AF2C7A7955005BE060 /* ChannelService.swift in Sources */ = {isa = PBXBuildFile; fileRef = FA8216AE2C7A7955005BE060 /* ChannelService.swift */; };
		FA8216B12C7B7706005BE060 /* Message+Types.swift in Sources */ = {isa = PBXBuildFile; fileRef = FA8216B02C7B7706005BE060 /* Message+Types.swift */; };
		FA8216B32C7B77C2005BE060 /* MessageFirebaseManager.swift in Sources */ = {isa = PBXBuildFile; fileRef = FA8216B22C7B77C2005BE060 /* MessageFirebaseManager.swift */; };
		FA8216B52C7B78EB005BE060 /* MessageService.swift in Sources */ = {isa = PBXBuildFile; fileRef = FA8216B42C7B78EB005BE060 /* MessageService.swift */; };
		FA8216B72C7BD948005BE060 /* ChatViewModel.swift in Sources */ = {isa = PBXBuildFile; fileRef = FA8216B62C7BD948005BE060 /* ChatViewModel.swift */; };
		FA8216BA2C7D6989005BE060 /* ChannelCreationTextView.swift in Sources */ = {isa = PBXBuildFile; fileRef = FA8216B92C7D6988005BE060 /* ChannelCreationTextView.swift */; };
		FA8216BE2C7D6C4F005BE060 /* AdminMessageTextView.swift in Sources */ = {isa = PBXBuildFile; fileRef = FA8216BD2C7D6C4F005BE060 /* AdminMessageTextView.swift */; };
		FA8216C12C7D9C04005BE060 /* Kingfisher in Frameworks */ = {isa = PBXBuildFile; productRef = FA8216C02C7D9C04005BE060 /* Kingfisher */; };
		FA8216C32C7D9C66005BE060 /* CircleProfileImageView.swift in Sources */ = {isa = PBXBuildFile; fileRef = FA8216C22C7D9C66005BE060 /* CircleProfileImageView.swift */; };
		FAAEF6592C89C12C007C1C93 /* Haptics.swift in Sources */ = {isa = PBXBuildFile; fileRef = FAAEF6582C89C12C007C1C93 /* Haptics.swift */; };
		FAAEF65B2C89E00B007C1C93 /* BubbleView.swift in Sources */ = {isa = PBXBuildFile; fileRef = FAAEF65A2C89E00B007C1C93 /* BubbleView.swift */; };
		FABC367E2C7DEF1200BDCB30 /* Date+Extensions.swift in Sources */ = {isa = PBXBuildFile; fileRef = FABC367D2C7DEF1200BDCB30 /* Date+Extensions.swift */; };
		FABC36A02C7F5A3000BDCB30 /* MediaAttachmentPreviewView.swift in Sources */ = {isa = PBXBuildFile; fileRef = FABC369F2C7F5A3000BDCB30 /* MediaAttachmentPreviewView.swift */; };
		FABC466E2C73E2D4008DA69B /* WhatsappApp.swift in Sources */ = {isa = PBXBuildFile; fileRef = FABC466D2C73E2D4008DA69B /* WhatsappApp.swift */; };
		FABC46722C73E2D6008DA69B /* Assets.xcassets in Resources */ = {isa = PBXBuildFile; fileRef = FABC46712C73E2D6008DA69B /* Assets.xcassets */; };
		FABC46752C73E2D6008DA69B /* Preview Assets.xcassets in Resources */ = {isa = PBXBuildFile; fileRef = FABC46742C73E2D6008DA69B /* Preview Assets.xcassets */; };
		FABC467C2C73E60D008DA69B /* MainTabView.swift in Sources */ = {isa = PBXBuildFile; fileRef = FABC467B2C73E60D008DA69B /* MainTabView.swift */; };
		FABC467E2C73EBBF008DA69B /* UpdatesTabScreen.swift in Sources */ = {isa = PBXBuildFile; fileRef = FABC467D2C73EBBF008DA69B /* UpdatesTabScreen.swift */; };
		FABC46802C73F755008DA69B /* CallTabScreen.swift in Sources */ = {isa = PBXBuildFile; fileRef = FABC467F2C73F755008DA69B /* CallTabScreen.swift */; };
		FABC46882C73FE48008DA69B /* CommunityTabScreen.swift in Sources */ = {isa = PBXBuildFile; fileRef = FABC46872C73FE48008DA69B /* CommunityTabScreen.swift */; };
		FABC468A2C740115008DA69B /* ChannelTabScreen.swift in Sources */ = {isa = PBXBuildFile; fileRef = FABC46892C740115008DA69B /* ChannelTabScreen.swift */; };
		FABC468C2C74040F008DA69B /* ChannelItemView.swift in Sources */ = {isa = PBXBuildFile; fileRef = FABC468B2C74040F008DA69B /* ChannelItemView.swift */; };
		FABC468E2C740781008DA69B /* SettingsTabScreen.swift in Sources */ = {isa = PBXBuildFile; fileRef = FABC468D2C740781008DA69B /* SettingsTabScreen.swift */; };
		FABC46902C74085D008DA69B /* SettingsItemView.swift in Sources */ = {isa = PBXBuildFile; fileRef = FABC468F2C74085D008DA69B /* SettingsItemView.swift */; };
		FABC46922C74092B008DA69B /* SettingsItem.swift in Sources */ = {isa = PBXBuildFile; fileRef = FABC46912C74092B008DA69B /* SettingsItem.swift */; };
		FABC46952C740EB8008DA69B /* ChatRoomScreen.swift in Sources */ = {isa = PBXBuildFile; fileRef = FABC46942C740EB8008DA69B /* ChatRoomScreen.swift */; };
		FABC46972C7410A8008DA69B /* TextInputAreaView.swift in Sources */ = {isa = PBXBuildFile; fileRef = FABC46962C7410A8008DA69B /* TextInputAreaView.swift */; };
		FABC46992C74D95E008DA69B /* MessageListViewController.swift in Sources */ = {isa = PBXBuildFile; fileRef = FABC46982C74D95E008DA69B /* MessageListViewController.swift */; };
		FABC469B2C74DB22008DA69B /* MessageListView.swift in Sources */ = {isa = PBXBuildFile; fileRef = FABC469A2C74DB22008DA69B /* MessageListView.swift */; };
/* End PBXBuildFile section */

/* Begin PBXCopyFilesBuildPhase section */
		FA8046082C77A58C005EB72B /* Embed Frameworks */ = {
			isa = PBXCopyFilesBuildPhase;
			buildActionMask = 2147483647;
			dstPath = "";
			dstSubfolderSpec = 10;
			files = (
			);
			name = "Embed Frameworks";
			runOnlyForDeploymentPostprocessing = 0;
		};
/* End PBXCopyFilesBuildPhase section */

/* Begin PBXFileReference section */
		FA121B992C77B1D100B2E5DC /* FirebaseManager.swift */ = {isa = PBXFileReference; lastKnownFileType = sourcecode.swift; path = FirebaseManager.swift; sourceTree = "<group>"; };
		FA121B9B2C77B29100B2E5DC /* GoogleService-Info.plist */ = {isa = PBXFileReference; fileEncoding = 4; lastKnownFileType = text.plist.xml; path = "GoogleService-Info.plist"; sourceTree = "<group>"; };
		FA121BA02C77B40300B2E5DC /* LoginScreen.swift */ = {isa = PBXFileReference; lastKnownFileType = sourcecode.swift; path = LoginScreen.swift; sourceTree = "<group>"; };
		FA121BA22C77B4A500B2E5DC /* AuthHeaderView.swift */ = {isa = PBXFileReference; lastKnownFileType = sourcecode.swift; path = AuthHeaderView.swift; sourceTree = "<group>"; };
		FA121BAB2C77B7B600B2E5DC /* Constants.swift */ = {isa = PBXFileReference; lastKnownFileType = sourcecode.swift; path = Constants.swift; sourceTree = "<group>"; };
		FA121BAD2C77B9E400B2E5DC /* AuthTextField.swift */ = {isa = PBXFileReference; lastKnownFileType = sourcecode.swift; path = AuthTextField.swift; sourceTree = "<group>"; };
		FA121BAF2C77C24500B2E5DC /* AuthButton.swift */ = {isa = PBXFileReference; lastKnownFileType = sourcecode.swift; path = AuthButton.swift; sourceTree = "<group>"; };
		FA121BB12C77CBB700B2E5DC /* SignUpScreen.swift */ = {isa = PBXFileReference; lastKnownFileType = sourcecode.swift; path = SignUpScreen.swift; sourceTree = "<group>"; };
		FA121BB32C77CF2900B2E5DC /* AuthViewModel.swift */ = {isa = PBXFileReference; lastKnownFileType = sourcecode.swift; path = AuthViewModel.swift; sourceTree = "<group>"; };
		FA121BB62C77D25A00B2E5DC /* AuthProviderService.swift */ = {isa = PBXFileReference; lastKnownFileType = sourcecode.swift; path = AuthProviderService.swift; sourceTree = "<group>"; };
		FA121BBC2C77F5E300B2E5DC /* RootScreen.swift */ = {isa = PBXFileReference; lastKnownFileType = sourcecode.swift; path = RootScreen.swift; sourceTree = "<group>"; };
		FA121BBE2C77F5FB00B2E5DC /* RootViewModel.swift */ = {isa = PBXFileReference; lastKnownFileType = sourcecode.swift; path = RootViewModel.swift; sourceTree = "<group>"; };
		FA121BC02C77F99300B2E5DC /* SettingsViewModel.swift */ = {isa = PBXFileReference; lastKnownFileType = sourcecode.swift; path = SettingsViewModel.swift; sourceTree = "<group>"; };
		FA121BC22C77FBFE00B2E5DC /* User.swift */ = {isa = PBXFileReference; lastKnownFileType = sourcecode.swift; path = User.swift; sourceTree = "<group>"; };
		FA121BC42C77FEE500B2E5DC /* LoginRequest.swift */ = {isa = PBXFileReference; lastKnownFileType = sourcecode.swift; path = LoginRequest.swift; sourceTree = "<group>"; };
		FA121BC82C78A81C00B2E5DC /* ChatPartnerPickerScreen.swift */ = {isa = PBXFileReference; lastKnownFileType = sourcecode.swift; path = ChatPartnerPickerScreen.swift; sourceTree = "<group>"; };
		FA121BCA2C78ABA300B2E5DC /* ChatPartnerRowView.swift */ = {isa = PBXFileReference; lastKnownFileType = sourcecode.swift; path = ChatPartnerRowView.swift; sourceTree = "<group>"; };
		FA121BCC2C78B2FD00B2E5DC /* ChatPartnerPickerViewModel.swift */ = {isa = PBXFileReference; lastKnownFileType = sourcecode.swift; path = ChatPartnerPickerViewModel.swift; sourceTree = "<group>"; };
		FA121BCE2C78B50B00B2E5DC /* GroupPartnerPickerScreen.swift */ = {isa = PBXFileReference; lastKnownFileType = sourcecode.swift; path = GroupPartnerPickerScreen.swift; sourceTree = "<group>"; };
		FA24B1912C7F8FCA00B0A986 /* PhotosPickerItem+Extensions.swift */ = {isa = PBXFileReference; lastKnownFileType = sourcecode.swift; path = "PhotosPickerItem+Extensions.swift"; sourceTree = "<group>"; };
		FA24B1932C7F91D300B0A986 /* MediaPickerItem_Types.swift */ = {isa = PBXFileReference; lastKnownFileType = sourcecode.swift; path = MediaPickerItem_Types.swift; sourceTree = "<group>"; };
		FA3A77862C7FBCD600B5239A /* MediaPlayerView.swift */ = {isa = PBXFileReference; lastKnownFileType = sourcecode.swift; path = MediaPlayerView.swift; sourceTree = "<group>"; };
		FA424A762C7FACD100BC4FBE /* URL+Extensions.swift */ = {isa = PBXFileReference; lastKnownFileType = sourcecode.swift; path = "URL+Extensions.swift"; sourceTree = "<group>"; };
		FA5855402C813ECD00028775 /* FirebaseHelper.swift */ = {isa = PBXFileReference; lastKnownFileType = sourcecode.swift; path = FirebaseHelper.swift; sourceTree = "<group>"; };
		FA5855422C84F9BD00028775 /* UIApplication+Extensions.swift */ = {isa = PBXFileReference; lastKnownFileType = sourcecode.swift; path = "UIApplication+Extensions.swift"; sourceTree = "<group>"; };
		FA5855442C871DA900028775 /* UIWindowScene+Extensions.swift */ = {isa = PBXFileReference; lastKnownFileType = sourcecode.swift; path = "UIWindowScene+Extensions.swift"; sourceTree = "<group>"; };
		FA5855462C87E83C00028775 /* VoiceMessagePlayer.swift */ = {isa = PBXFileReference; lastKnownFileType = sourcecode.swift; path = VoiceMessagePlayer.swift; sourceTree = "<group>"; };
		FA5D28692C80BEB0005558E1 /* AudioRecorderService.swift */ = {isa = PBXFileReference; lastKnownFileType = sourcecode.swift; path = AudioRecorderService.swift; sourceTree = "<group>"; };
		FA8045EC2C7523DB005EB72B /* Message.swift */ = {isa = PBXFileReference; lastKnownFileType = sourcecode.swift; path = Message.swift; sourceTree = "<group>"; };
		FA8045EE2C7524F1005EB72B /* BubbleTextView.swift */ = {isa = PBXFileReference; lastKnownFileType = sourcecode.swift; path = BubbleTextView.swift; sourceTree = "<group>"; };
		FA8045F02C753390005EB72B /* BubbleTailView.swift */ = {isa = PBXFileReference; lastKnownFileType = sourcecode.swift; path = BubbleTailView.swift; sourceTree = "<group>"; };
		FA8045F32C753510005EB72B /* CustomModifiers.swift */ = {isa = PBXFileReference; lastKnownFileType = sourcecode.swift; path = CustomModifiers.swift; sourceTree = "<group>"; };
		FA8045F52C761DB5005EB72B /* BubbleImageView.swift */ = {isa = PBXFileReference; lastKnownFileType = sourcecode.swift; path = BubbleImageView.swift; sourceTree = "<group>"; };
		FA8045F72C778221005EB72B /* BubbleAudioView.swift */ = {isa = PBXFileReference; lastKnownFileType = sourcecode.swift; path = BubbleAudioView.swift; sourceTree = "<group>"; };
		FA8216982C78C3CD005BE060 /* SelectedChatPartnerView.swift */ = {isa = PBXFileReference; lastKnownFileType = sourcecode.swift; path = SelectedChatPartnerView.swift; sourceTree = "<group>"; };
		FA82169A2C78C9E3005BE060 /* GroupSetupScreen.swift */ = {isa = PBXFileReference; lastKnownFileType = sourcecode.swift; path = GroupSetupScreen.swift; sourceTree = "<group>"; };
		FA82169C2C78D88B005BE060 /* UserService.swift */ = {isa = PBXFileReference; lastKnownFileType = sourcecode.swift; path = UserService.swift; sourceTree = "<group>"; };
		FA82169F2C78D96C005BE060 /* AuthFirebaseManager.swift */ = {isa = PBXFileReference; lastKnownFileType = sourcecode.swift; path = AuthFirebaseManager.swift; sourceTree = "<group>"; };
		FA8216A12C78DA0C005BE060 /* UserFirebaseManager.swift */ = {isa = PBXFileReference; lastKnownFileType = sourcecode.swift; path = UserFirebaseManager.swift; sourceTree = "<group>"; };
		FA8216A52C7A6A9E005BE060 /* Channel.swift */ = {isa = PBXFileReference; lastKnownFileType = sourcecode.swift; path = Channel.swift; sourceTree = "<group>"; };
		FA8216A72C7A6F0C005BE060 /* ChannelViewModel.swift */ = {isa = PBXFileReference; lastKnownFileType = sourcecode.swift; path = ChannelViewModel.swift; sourceTree = "<group>"; };
		FA8216AA2C7A77C9005BE060 /* String+Extensions.swift */ = {isa = PBXFileReference; lastKnownFileType = sourcecode.swift; path = "String+Extensions.swift"; sourceTree = "<group>"; };
		FA8216AC2C7A7936005BE060 /* ChannelFirebaseManager.swift */ = {isa = PBXFileReference; lastKnownFileType = sourcecode.swift; path = ChannelFirebaseManager.swift; sourceTree = "<group>"; };
		FA8216AE2C7A7955005BE060 /* ChannelService.swift */ = {isa = PBXFileReference; lastKnownFileType = sourcecode.swift; path = ChannelService.swift; sourceTree = "<group>"; };
		FA8216B02C7B7706005BE060 /* Message+Types.swift */ = {isa = PBXFileReference; lastKnownFileType = sourcecode.swift; path = "Message+Types.swift"; sourceTree = "<group>"; };
		FA8216B22C7B77C2005BE060 /* MessageFirebaseManager.swift */ = {isa = PBXFileReference; lastKnownFileType = sourcecode.swift; path = MessageFirebaseManager.swift; sourceTree = "<group>"; };
		FA8216B42C7B78EB005BE060 /* MessageService.swift */ = {isa = PBXFileReference; lastKnownFileType = sourcecode.swift; path = MessageService.swift; sourceTree = "<group>"; };
		FA8216B62C7BD948005BE060 /* ChatViewModel.swift */ = {isa = PBXFileReference; lastKnownFileType = sourcecode.swift; path = ChatViewModel.swift; sourceTree = "<group>"; };
		FA8216B92C7D6988005BE060 /* ChannelCreationTextView.swift */ = {isa = PBXFileReference; lastKnownFileType = sourcecode.swift; path = ChannelCreationTextView.swift; sourceTree = "<group>"; };
		FA8216BD2C7D6C4F005BE060 /* AdminMessageTextView.swift */ = {isa = PBXFileReference; lastKnownFileType = sourcecode.swift; path = AdminMessageTextView.swift; sourceTree = "<group>"; };
		FA8216C22C7D9C66005BE060 /* CircleProfileImageView.swift */ = {isa = PBXFileReference; lastKnownFileType = sourcecode.swift; path = CircleProfileImageView.swift; sourceTree = "<group>"; };
		FAAEF6582C89C12C007C1C93 /* Haptics.swift */ = {isa = PBXFileReference; lastKnownFileType = sourcecode.swift; path = Haptics.swift; sourceTree = "<group>"; };
		FAAEF65A2C89E00B007C1C93 /* BubbleView.swift */ = {isa = PBXFileReference; lastKnownFileType = sourcecode.swift; path = BubbleView.swift; sourceTree = "<group>"; };
		FABC367D2C7DEF1200BDCB30 /* Date+Extensions.swift */ = {isa = PBXFileReference; lastKnownFileType = sourcecode.swift; path = "Date+Extensions.swift"; sourceTree = "<group>"; };
		FABC369F2C7F5A3000BDCB30 /* MediaAttachmentPreviewView.swift */ = {isa = PBXFileReference; lastKnownFileType = sourcecode.swift; path = MediaAttachmentPreviewView.swift; sourceTree = "<group>"; };
		FABC466A2C73E2D4008DA69B /* Whatsapp.app */ = {isa = PBXFileReference; explicitFileType = wrapper.application; includeInIndex = 0; path = Whatsapp.app; sourceTree = BUILT_PRODUCTS_DIR; };
		FABC466D2C73E2D4008DA69B /* WhatsappApp.swift */ = {isa = PBXFileReference; lastKnownFileType = sourcecode.swift; path = WhatsappApp.swift; sourceTree = "<group>"; };
		FABC46712C73E2D6008DA69B /* Assets.xcassets */ = {isa = PBXFileReference; lastKnownFileType = folder.assetcatalog; path = Assets.xcassets; sourceTree = "<group>"; };
		FABC46742C73E2D6008DA69B /* Preview Assets.xcassets */ = {isa = PBXFileReference; lastKnownFileType = folder.assetcatalog; path = "Preview Assets.xcassets"; sourceTree = "<group>"; };
		FABC467B2C73E60D008DA69B /* MainTabView.swift */ = {isa = PBXFileReference; lastKnownFileType = sourcecode.swift; path = MainTabView.swift; sourceTree = "<group>"; };
		FABC467D2C73EBBF008DA69B /* UpdatesTabScreen.swift */ = {isa = PBXFileReference; lastKnownFileType = sourcecode.swift; path = UpdatesTabScreen.swift; sourceTree = "<group>"; };
		FABC467F2C73F755008DA69B /* CallTabScreen.swift */ = {isa = PBXFileReference; lastKnownFileType = sourcecode.swift; path = CallTabScreen.swift; sourceTree = "<group>"; };
		FABC46872C73FE48008DA69B /* CommunityTabScreen.swift */ = {isa = PBXFileReference; lastKnownFileType = sourcecode.swift; path = CommunityTabScreen.swift; sourceTree = "<group>"; };
		FABC46892C740115008DA69B /* ChannelTabScreen.swift */ = {isa = PBXFileReference; lastKnownFileType = sourcecode.swift; path = ChannelTabScreen.swift; sourceTree = "<group>"; };
		FABC468B2C74040F008DA69B /* ChannelItemView.swift */ = {isa = PBXFileReference; lastKnownFileType = sourcecode.swift; path = ChannelItemView.swift; sourceTree = "<group>"; };
		FABC468D2C740781008DA69B /* SettingsTabScreen.swift */ = {isa = PBXFileReference; lastKnownFileType = sourcecode.swift; path = SettingsTabScreen.swift; sourceTree = "<group>"; };
		FABC468F2C74085D008DA69B /* SettingsItemView.swift */ = {isa = PBXFileReference; lastKnownFileType = sourcecode.swift; path = SettingsItemView.swift; sourceTree = "<group>"; };
		FABC46912C74092B008DA69B /* SettingsItem.swift */ = {isa = PBXFileReference; lastKnownFileType = sourcecode.swift; path = SettingsItem.swift; sourceTree = "<group>"; };
		FABC46942C740EB8008DA69B /* ChatRoomScreen.swift */ = {isa = PBXFileReference; lastKnownFileType = sourcecode.swift; path = ChatRoomScreen.swift; sourceTree = "<group>"; };
		FABC46962C7410A8008DA69B /* TextInputAreaView.swift */ = {isa = PBXFileReference; lastKnownFileType = sourcecode.swift; path = TextInputAreaView.swift; sourceTree = "<group>"; };
		FABC46982C74D95E008DA69B /* MessageListViewController.swift */ = {isa = PBXFileReference; lastKnownFileType = sourcecode.swift; path = MessageListViewController.swift; sourceTree = "<group>"; };
		FABC469A2C74DB22008DA69B /* MessageListView.swift */ = {isa = PBXFileReference; lastKnownFileType = sourcecode.swift; path = MessageListView.swift; sourceTree = "<group>"; };
/* End PBXFileReference section */

/* Begin PBXFrameworksBuildPhase section */
		FABC46672C73E2D4008DA69B /* Frameworks */ = {
			isa = PBXFrameworksBuildPhase;
			buildActionMask = 2147483647;
			files = (
				FA121BBA2C77F07A00B2E5DC /* CodableFirebase in Frameworks */,
				FA121B852C77A96700B2E5DC /* FirebaseMLModelDownloader in Frameworks */,
				FA8216C12C7D9C04005BE060 /* Kingfisher in Frameworks */,
				FA121B872C77A96700B2E5DC /* FirebaseStorage in Frameworks */,
				FA121B832C77A96700B2E5DC /* FirebaseDatabase in Frameworks */,
				FA121B972C77AF9600B2E5DC /* SwiftUIIntrospect in Frameworks */,
				FA121B812C77A96700B2E5DC /* FirebaseAuth in Frameworks */,
			);
			runOnlyForDeploymentPostprocessing = 0;
		};
/* End PBXFrameworksBuildPhase section */

/* Begin PBXGroup section */
		FA121B982C77B1C700B2E5DC /* Managers */ = {
			isa = PBXGroup;
			children = (
				FA82169E2C78D95C005BE060 /* Firebase */,
			);
			path = Managers;
			sourceTree = "<group>";
		};
		FA121B9D2C77B3EE00B2E5DC /* Auth */ = {
			isa = PBXGroup;
			children = (
				FA121BA22C77B4A500B2E5DC /* AuthHeaderView.swift */,
				FA121BB32C77CF2900B2E5DC /* AuthViewModel.swift */,
				FA121B9E2C77B3F300B2E5DC /* Login */,
				FA121B9F2C77B3F600B2E5DC /* Register */,
			);
			path = Auth;
			sourceTree = "<group>";
		};
		FA121B9E2C77B3F300B2E5DC /* Login */ = {
			isa = PBXGroup;
			children = (
				FA121BA02C77B40300B2E5DC /* LoginScreen.swift */,
			);
			path = Login;
			sourceTree = "<group>";
		};
		FA121B9F2C77B3F600B2E5DC /* Register */ = {
			isa = PBXGroup;
			children = (
				FA121BB12C77CBB700B2E5DC /* SignUpScreen.swift */,
			);
			path = Register;
			sourceTree = "<group>";
		};
		FA121BA72C77B74B00B2E5DC /* Components */ = {
			isa = PBXGroup;
			children = (
				FA121BAD2C77B9E400B2E5DC /* AuthTextField.swift */,
				FA121BAF2C77C24500B2E5DC /* AuthButton.swift */,
				FA8216C22C7D9C66005BE060 /* CircleProfileImageView.swift */,
				FA3A77862C7FBCD600B5239A /* MediaPlayerView.swift */,
			);
			path = Components;
			sourceTree = "<group>";
		};
		FA121BAA2C77B7AE00B2E5DC /* Utils */ = {
			isa = PBXGroup;
			children = (
				FA8216A92C7A77BD005BE060 /* Extensions */,
				FA121BAB2C77B7B600B2E5DC /* Constants.swift */,
			);
			path = Utils;
			sourceTree = "<group>";
		};
		FA121BB52C77D25000B2E5DC /* Services */ = {
			isa = PBXGroup;
			children = (
				FA8216B82C7BE276005BE060 /* FirebaseServices */,
				FA5D28692C80BEB0005558E1 /* AudioRecorderService.swift */,
				FA5855462C87E83C00028775 /* VoiceMessagePlayer.swift */,
			);
			path = Services;
			sourceTree = "<group>";
		};
		FA121BBB2C77F5D400B2E5DC /* Root */ = {
			isa = PBXGroup;
			children = (
				FA121BBC2C77F5E300B2E5DC /* RootScreen.swift */,
				FA121BBE2C77F5FB00B2E5DC /* RootViewModel.swift */,
			);
			path = Root;
			sourceTree = "<group>";
		};
		FA8045EB2C7523CE005EB72B /* Models */ = {
			isa = PBXGroup;
			children = (
				FA8045EC2C7523DB005EB72B /* Message.swift */,
				FA8216B02C7B7706005BE060 /* Message+Types.swift */,
				FA121BC22C77FBFE00B2E5DC /* User.swift */,
				FA121BC42C77FEE500B2E5DC /* LoginRequest.swift */,
				FA8216A52C7A6A9E005BE060 /* Channel.swift */,
				FA24B1932C7F91D300B0A986 /* MediaPickerItem_Types.swift */,
			);
			path = Models;
			sourceTree = "<group>";
		};
		FA8045F22C7534F9005EB72B /* Helpers */ = {
			isa = PBXGroup;
			children = (
				FA8045F32C753510005EB72B /* CustomModifiers.swift */,
				FA5855402C813ECD00028775 /* FirebaseHelper.swift */,
				FAAEF6582C89C12C007C1C93 /* Haptics.swift */,
			);
			path = Helpers;
			sourceTree = "<group>";
		};
		FA82169E2C78D95C005BE060 /* Firebase */ = {
			isa = PBXGroup;
			children = (
				FA121B992C77B1D100B2E5DC /* FirebaseManager.swift */,
				FA82169F2C78D96C005BE060 /* AuthFirebaseManager.swift */,
				FA8216A12C78DA0C005BE060 /* UserFirebaseManager.swift */,
				FA8216AC2C7A7936005BE060 /* ChannelFirebaseManager.swift */,
				FA8216B22C7B77C2005BE060 /* MessageFirebaseManager.swift */,
			);
			path = Firebase;
			sourceTree = "<group>";
		};
		FA8216A92C7A77BD005BE060 /* Extensions */ = {
			isa = PBXGroup;
			children = (
				FA8216AA2C7A77C9005BE060 /* String+Extensions.swift */,
				FABC367D2C7DEF1200BDCB30 /* Date+Extensions.swift */,
				FA24B1912C7F8FCA00B0A986 /* PhotosPickerItem+Extensions.swift */,
				FA424A762C7FACD100BC4FBE /* URL+Extensions.swift */,
				FA5855422C84F9BD00028775 /* UIApplication+Extensions.swift */,
				FA5855442C871DA900028775 /* UIWindowScene+Extensions.swift */,
			);
			path = Extensions;
			sourceTree = "<group>";
		};
		FA8216B82C7BE276005BE060 /* FirebaseServices */ = {
			isa = PBXGroup;
			children = (
				FA121BB62C77D25A00B2E5DC /* AuthProviderService.swift */,
				FA82169C2C78D88B005BE060 /* UserService.swift */,
				FA8216AE2C7A7955005BE060 /* ChannelService.swift */,
				FA8216B42C7B78EB005BE060 /* MessageService.swift */,
			);
			path = FirebaseServices;
			sourceTree = "<group>";
		};
		FABC46612C73E2D4008DA69B = {
			isa = PBXGroup;
			children = (
				FABC466C2C73E2D4008DA69B /* Whatsapp */,
				FABC466B2C73E2D4008DA69B /* Products */,
			);
			sourceTree = "<group>";
		};
		FABC466B2C73E2D4008DA69B /* Products */ = {
			isa = PBXGroup;
			children = (
				FABC466A2C73E2D4008DA69B /* Whatsapp.app */,
			);
			name = Products;
			sourceTree = "<group>";
		};
		FABC466C2C73E2D4008DA69B /* Whatsapp */ = {
			isa = PBXGroup;
			children = (
				FA121BB52C77D25000B2E5DC /* Services */,
				FA121BAA2C77B7AE00B2E5DC /* Utils */,
				FA121BA72C77B74B00B2E5DC /* Components */,
				FA121B982C77B1C700B2E5DC /* Managers */,
				FA8045F22C7534F9005EB72B /* Helpers */,
				FA8045EB2C7523CE005EB72B /* Models */,
				FABC46812C73FDCA008DA69B /* Screens */,
				FABC466D2C73E2D4008DA69B /* WhatsappApp.swift */,
				FABC46712C73E2D6008DA69B /* Assets.xcassets */,
				FABC46732C73E2D6008DA69B /* Preview Content */,
				FABC467B2C73E60D008DA69B /* MainTabView.swift */,
				FA121B9B2C77B29100B2E5DC /* GoogleService-Info.plist */,
			);
			path = Whatsapp;
			sourceTree = "<group>";
		};
		FABC46732C73E2D6008DA69B /* Preview Content */ = {
			isa = PBXGroup;
			children = (
				FABC46742C73E2D6008DA69B /* Preview Assets.xcassets */,
			);
			path = "Preview Content";
			sourceTree = "<group>";
		};
		FABC46812C73FDCA008DA69B /* Screens */ = {
			isa = PBXGroup;
			children = (
				FA121BBB2C77F5D400B2E5DC /* Root */,
				FA121B9D2C77B3EE00B2E5DC /* Auth */,
				FABC46862C73FDF8008DA69B /* Updates */,
				FABC46852C73FDF5008DA69B /* Calls */,
				FABC46842C73FDE7008DA69B /* Community */,
				FABC46832C73FDE3008DA69B /* Channel */,
				FABC46932C740EA9008DA69B /* Chat */,
				FABC46822C73FDD3008DA69B /* Settings */,
			);
			path = Screens;
			sourceTree = "<group>";
		};
		FABC46822C73FDD3008DA69B /* Settings */ = {
			isa = PBXGroup;
			children = (
				FABC468D2C740781008DA69B /* SettingsTabScreen.swift */,
				FABC468F2C74085D008DA69B /* SettingsItemView.swift */,
				FABC46912C74092B008DA69B /* SettingsItem.swift */,
				FA121BC02C77F99300B2E5DC /* SettingsViewModel.swift */,
			);
			path = Settings;
			sourceTree = "<group>";
		};
		FABC46832C73FDE3008DA69B /* Channel */ = {
			isa = PBXGroup;
			children = (
				FABC46892C740115008DA69B /* ChannelTabScreen.swift */,
				FABC468B2C74040F008DA69B /* ChannelItemView.swift */,
				FA121BC82C78A81C00B2E5DC /* ChatPartnerPickerScreen.swift */,
				FA121BCA2C78ABA300B2E5DC /* ChatPartnerRowView.swift */,
				FA121BCE2C78B50B00B2E5DC /* GroupPartnerPickerScreen.swift */,
				FA8216982C78C3CD005BE060 /* SelectedChatPartnerView.swift */,
				FA121BCC2C78B2FD00B2E5DC /* ChatPartnerPickerViewModel.swift */,
				FA82169A2C78C9E3005BE060 /* GroupSetupScreen.swift */,
				FA8216A72C7A6F0C005BE060 /* ChannelViewModel.swift */,
			);
			path = Channel;
			sourceTree = "<group>";
		};
		FABC46842C73FDE7008DA69B /* Community */ = {
			isa = PBXGroup;
			children = (
				FABC46872C73FE48008DA69B /* CommunityTabScreen.swift */,
			);
			path = Community;
			sourceTree = "<group>";
		};
		FABC46852C73FDF5008DA69B /* Calls */ = {
			isa = PBXGroup;
			children = (
				FABC467F2C73F755008DA69B /* CallTabScreen.swift */,
			);
			path = Calls;
			sourceTree = "<group>";
		};
		FABC46862C73FDF8008DA69B /* Updates */ = {
			isa = PBXGroup;
			children = (
				FABC467D2C73EBBF008DA69B /* UpdatesTabScreen.swift */,
			);
			path = Updates;
			sourceTree = "<group>";
		};
		FABC46932C740EA9008DA69B /* Chat */ = {
			isa = PBXGroup;
			children = (
				FABC46942C740EB8008DA69B /* ChatRoomScreen.swift */,
				FABC46962C7410A8008DA69B /* TextInputAreaView.swift */,
				FABC46982C74D95E008DA69B /* MessageListViewController.swift */,
				FABC469A2C74DB22008DA69B /* MessageListView.swift */,
				FAAEF65A2C89E00B007C1C93 /* BubbleView.swift */,
				FA8045EE2C7524F1005EB72B /* BubbleTextView.swift */,
				FA8045F52C761DB5005EB72B /* BubbleImageView.swift */,
				FA8045F72C778221005EB72B /* BubbleAudioView.swift */,
				FA8045F02C753390005EB72B /* BubbleTailView.swift */,
				FA8216B62C7BD948005BE060 /* ChatViewModel.swift */,
				FA8216B92C7D6988005BE060 /* ChannelCreationTextView.swift */,
				FA8216BD2C7D6C4F005BE060 /* AdminMessageTextView.swift */,
				FABC369F2C7F5A3000BDCB30 /* MediaAttachmentPreviewView.swift */,
			);
			path = Chat;
			sourceTree = "<group>";
		};
/* End PBXGroup section */

/* Begin PBXNativeTarget section */
		FABC46692C73E2D4008DA69B /* Whatsapp */ = {
			isa = PBXNativeTarget;
			buildConfigurationList = FABC46782C73E2D6008DA69B /* Build configuration list for PBXNativeTarget "Whatsapp" */;
			buildPhases = (
				FABC46662C73E2D4008DA69B /* Sources */,
				FABC46672C73E2D4008DA69B /* Frameworks */,
				FABC46682C73E2D4008DA69B /* Resources */,
				FA8046082C77A58C005EB72B /* Embed Frameworks */,
			);
			buildRules = (
			);
			dependencies = (
			);
			name = Whatsapp;
			packageProductDependencies = (
				FA121B802C77A96700B2E5DC /* FirebaseAuth */,
				FA121B822C77A96700B2E5DC /* FirebaseDatabase */,
				FA121B842C77A96700B2E5DC /* FirebaseMLModelDownloader */,
				FA121B862C77A96700B2E5DC /* FirebaseStorage */,
				FA121B962C77AF9600B2E5DC /* SwiftUIIntrospect */,
				FA121BB92C77F07A00B2E5DC /* CodableFirebase */,
				FA8216C02C7D9C04005BE060 /* Kingfisher */,
			);
			productName = Whatsapp;
			productReference = FABC466A2C73E2D4008DA69B /* Whatsapp.app */;
			productType = "com.apple.product-type.application";
		};
/* End PBXNativeTarget section */

/* Begin PBXProject section */
		FABC46622C73E2D4008DA69B /* Project object */ = {
			isa = PBXProject;
			attributes = {
				BuildIndependentTargetsInParallel = 1;
				LastSwiftUpdateCheck = 1540;
				LastUpgradeCheck = 1540;
				TargetAttributes = {
					FABC46692C73E2D4008DA69B = {
						CreatedOnToolsVersion = 15.4;
					};
				};
			};
			buildConfigurationList = FABC46652C73E2D4008DA69B /* Build configuration list for PBXProject "Whatsapp" */;
			compatibilityVersion = "Xcode 14.0";
			developmentRegion = en;
			hasScannedForEncodings = 0;
			knownRegions = (
				en,
				Base,
			);
			mainGroup = FABC46612C73E2D4008DA69B;
			packageReferences = (
				FA121B7F2C77A96700B2E5DC /* XCRemoteSwiftPackageReference "firebase-ios-sdk" */,
				FA121B952C77AF9500B2E5DC /* XCRemoteSwiftPackageReference "swiftui-introspect" */,
				FA121BB82C77F07A00B2E5DC /* XCRemoteSwiftPackageReference "CodableFirebase" */,
				FA8216BF2C7D9C04005BE060 /* XCRemoteSwiftPackageReference "Kingfisher" */,
			);
			productRefGroup = FABC466B2C73E2D4008DA69B /* Products */;
			projectDirPath = "";
			projectRoot = "";
			targets = (
				FABC46692C73E2D4008DA69B /* Whatsapp */,
			);
		};
/* End PBXProject section */

/* Begin PBXResourcesBuildPhase section */
		FABC46682C73E2D4008DA69B /* Resources */ = {
			isa = PBXResourcesBuildPhase;
			buildActionMask = 2147483647;
			files = (
				FABC46752C73E2D6008DA69B /* Preview Assets.xcassets in Resources */,
				FABC46722C73E2D6008DA69B /* Assets.xcassets in Resources */,
				FA121B9C2C77B29100B2E5DC /* GoogleService-Info.plist in Resources */,
			);
			runOnlyForDeploymentPostprocessing = 0;
		};
/* End PBXResourcesBuildPhase section */

/* Begin PBXSourcesBuildPhase section */
		FABC46662C73E2D4008DA69B /* Sources */ = {
			isa = PBXSourcesBuildPhase;
			buildActionMask = 2147483647;
			files = (
				FA8216A22C78DA0C005BE060 /* UserFirebaseManager.swift in Sources */,
				FA121BAC2C77B7B600B2E5DC /* Constants.swift in Sources */,
				FA121BC52C77FEE500B2E5DC /* LoginRequest.swift in Sources */,
				FA121BB02C77C24500B2E5DC /* AuthButton.swift in Sources */,
				FA5855452C871DA900028775 /* UIWindowScene+Extensions.swift in Sources */,
				FABC468E2C740781008DA69B /* SettingsTabScreen.swift in Sources */,
				FABC467E2C73EBBF008DA69B /* UpdatesTabScreen.swift in Sources */,
				FABC46802C73F755008DA69B /* CallTabScreen.swift in Sources */,
				FA3A77872C7FBCD600B5239A /* MediaPlayerView.swift in Sources */,
				FABC46882C73FE48008DA69B /* CommunityTabScreen.swift in Sources */,
				FABC468A2C740115008DA69B /* ChannelTabScreen.swift in Sources */,
				FABC367E2C7DEF1200BDCB30 /* Date+Extensions.swift in Sources */,
				FA8216AF2C7A7955005BE060 /* ChannelService.swift in Sources */,
				FA5855472C87E83C00028775 /* VoiceMessagePlayer.swift in Sources */,
				FA8216AD2C7A7936005BE060 /* ChannelFirebaseManager.swift in Sources */,
				FA121BCF2C78B50B00B2E5DC /* GroupPartnerPickerScreen.swift in Sources */,
				FA121BAE2C77B9E400B2E5DC /* AuthTextField.swift in Sources */,
				FABC466E2C73E2D4008DA69B /* WhatsappApp.swift in Sources */,
				FA8045F12C753391005EB72B /* BubbleTailView.swift in Sources */,
				FA8216A62C7A6A9E005BE060 /* Channel.swift in Sources */,
				FABC46952C740EB8008DA69B /* ChatRoomScreen.swift in Sources */,
				FA121BBF2C77F5FB00B2E5DC /* RootViewModel.swift in Sources */,
				FA24B1922C7F8FCA00B0A986 /* PhotosPickerItem+Extensions.swift in Sources */,
				FA8216B12C7B7706005BE060 /* Message+Types.swift in Sources */,
				FA8216C32C7D9C66005BE060 /* CircleProfileImageView.swift in Sources */,
				FA8216BE2C7D6C4F005BE060 /* AdminMessageTextView.swift in Sources */,
				FA121BB22C77CBB700B2E5DC /* SignUpScreen.swift in Sources */,
				FA82169B2C78C9E3005BE060 /* GroupSetupScreen.swift in Sources */,
				FAAEF6592C89C12C007C1C93 /* Haptics.swift in Sources */,
				FA8216A02C78D96C005BE060 /* AuthFirebaseManager.swift in Sources */,
				FA121BCB2C78ABA300B2E5DC /* ChatPartnerRowView.swift in Sources */,
				FA121BB72C77D25A00B2E5DC /* AuthProviderService.swift in Sources */,
				FA8216B32C7B77C2005BE060 /* MessageFirebaseManager.swift in Sources */,
				FA5D286A2C80BEB0005558E1 /* AudioRecorderService.swift in Sources */,
				FABC46902C74085D008DA69B /* SettingsItemView.swift in Sources */,
				FA8216B72C7BD948005BE060 /* ChatViewModel.swift in Sources */,
				FA121BCD2C78B2FD00B2E5DC /* ChatPartnerPickerViewModel.swift in Sources */,
				FA8216BA2C7D6989005BE060 /* ChannelCreationTextView.swift in Sources */,
				FA121BC12C77F99300B2E5DC /* SettingsViewModel.swift in Sources */,
				FA121BA12C77B40300B2E5DC /* LoginScreen.swift in Sources */,
				FA121B9A2C77B1D100B2E5DC /* FirebaseManager.swift in Sources */,
				FA5855432C84F9BE00028775 /* UIApplication+Extensions.swift in Sources */,
				FA24B1942C7F91D300B0A986 /* MediaPickerItem_Types.swift in Sources */,
				FA424A772C7FACD200BC4FBE /* URL+Extensions.swift in Sources */,
				FA8045F62C761DB5005EB72B /* BubbleImageView.swift in Sources */,
				FABC469B2C74DB22008DA69B /* MessageListView.swift in Sources */,
				FABC468C2C74040F008DA69B /* ChannelItemView.swift in Sources */,
				FABC467C2C73E60D008DA69B /* MainTabView.swift in Sources */,
				FA121BC92C78A81D00B2E5DC /* ChatPartnerPickerScreen.swift in Sources */,
				FA8045EF2C7524F1005EB72B /* BubbleTextView.swift in Sources */,
				FA8045ED2C7523DB005EB72B /* Message.swift in Sources */,
				FABC46922C74092B008DA69B /* SettingsItem.swift in Sources */,
				FA121BBD2C77F5E300B2E5DC /* RootScreen.swift in Sources */,
				FA5855412C813ECD00028775 /* FirebaseHelper.swift in Sources */,
				FA8045F42C753510005EB72B /* CustomModifiers.swift in Sources */,
				FA8216B52C7B78EB005BE060 /* MessageService.swift in Sources */,
				FA8045F82C778221005EB72B /* BubbleAudioView.swift in Sources */,
				FA121BB42C77CF2900B2E5DC /* AuthViewModel.swift in Sources */,
				FA121BA32C77B4A500B2E5DC /* AuthHeaderView.swift in Sources */,
				FA8216A82C7A6F0D005BE060 /* ChannelViewModel.swift in Sources */,
				FA8216992C78C3CD005BE060 /* SelectedChatPartnerView.swift in Sources */,
				FABC46972C7410A8008DA69B /* TextInputAreaView.swift in Sources */,
				FAAEF65B2C89E00B007C1C93 /* BubbleView.swift in Sources */,
				FABC36A02C7F5A3000BDCB30 /* MediaAttachmentPreviewView.swift in Sources */,
				FA8216AB2C7A77C9005BE060 /* String+Extensions.swift in Sources */,
				FABC46992C74D95E008DA69B /* MessageListViewController.swift in Sources */,
				FA82169D2C78D88B005BE060 /* UserService.swift in Sources */,
				FA121BC32C77FBFE00B2E5DC /* User.swift in Sources */,
			);
			runOnlyForDeploymentPostprocessing = 0;
		};
/* End PBXSourcesBuildPhase section */

/* Begin XCBuildConfiguration section */
		FABC46762C73E2D6008DA69B /* Debug */ = {
			isa = XCBuildConfiguration;
			buildSettings = {
				ALWAYS_SEARCH_USER_PATHS = NO;
				ASSETCATALOG_COMPILER_GENERATE_SWIFT_ASSET_SYMBOL_EXTENSIONS = YES;
				CLANG_ANALYZER_NONNULL = YES;
				CLANG_ANALYZER_NUMBER_OBJECT_CONVERSION = YES_AGGRESSIVE;
				CLANG_CXX_LANGUAGE_STANDARD = "gnu++20";
				CLANG_ENABLE_MODULES = YES;
				CLANG_ENABLE_OBJC_ARC = YES;
				CLANG_ENABLE_OBJC_WEAK = YES;
				CLANG_WARN_BLOCK_CAPTURE_AUTORELEASING = YES;
				CLANG_WARN_BOOL_CONVERSION = YES;
				CLANG_WARN_COMMA = YES;
				CLANG_WARN_CONSTANT_CONVERSION = YES;
				CLANG_WARN_DEPRECATED_OBJC_IMPLEMENTATIONS = YES;
				CLANG_WARN_DIRECT_OBJC_ISA_USAGE = YES_ERROR;
				CLANG_WARN_DOCUMENTATION_COMMENTS = YES;
				CLANG_WARN_EMPTY_BODY = YES;
				CLANG_WARN_ENUM_CONVERSION = YES;
				CLANG_WARN_INFINITE_RECURSION = YES;
				CLANG_WARN_INT_CONVERSION = YES;
				CLANG_WARN_NON_LITERAL_NULL_CONVERSION = YES;
				CLANG_WARN_OBJC_IMPLICIT_RETAIN_SELF = YES;
				CLANG_WARN_OBJC_LITERAL_CONVERSION = YES;
				CLANG_WARN_OBJC_ROOT_CLASS = YES_ERROR;
				CLANG_WARN_QUOTED_INCLUDE_IN_FRAMEWORK_HEADER = YES;
				CLANG_WARN_RANGE_LOOP_ANALYSIS = YES;
				CLANG_WARN_STRICT_PROTOTYPES = YES;
				CLANG_WARN_SUSPICIOUS_MOVE = YES;
				CLANG_WARN_UNGUARDED_AVAILABILITY = YES_AGGRESSIVE;
				CLANG_WARN_UNREACHABLE_CODE = YES;
				CLANG_WARN__DUPLICATE_METHOD_MATCH = YES;
				COPY_PHASE_STRIP = NO;
				DEBUG_INFORMATION_FORMAT = dwarf;
				ENABLE_STRICT_OBJC_MSGSEND = YES;
				ENABLE_TESTABILITY = YES;
				ENABLE_USER_SCRIPT_SANDBOXING = YES;
				GCC_C_LANGUAGE_STANDARD = gnu17;
				GCC_DYNAMIC_NO_PIC = NO;
				GCC_NO_COMMON_BLOCKS = YES;
				GCC_OPTIMIZATION_LEVEL = 0;
				GCC_PREPROCESSOR_DEFINITIONS = (
					"DEBUG=1",
					"$(inherited)",
				);
				GCC_WARN_64_TO_32_BIT_CONVERSION = YES;
				GCC_WARN_ABOUT_RETURN_TYPE = YES_ERROR;
				GCC_WARN_UNDECLARED_SELECTOR = YES;
				GCC_WARN_UNINITIALIZED_AUTOS = YES_AGGRESSIVE;
				GCC_WARN_UNUSED_FUNCTION = YES;
				GCC_WARN_UNUSED_VARIABLE = YES;
				IPHONEOS_DEPLOYMENT_TARGET = 17.5;
				LOCALIZATION_PREFERS_STRING_CATALOGS = YES;
				MTL_ENABLE_DEBUG_INFO = INCLUDE_SOURCE;
				MTL_FAST_MATH = YES;
				ONLY_ACTIVE_ARCH = YES;
				SDKROOT = iphoneos;
				SWIFT_ACTIVE_COMPILATION_CONDITIONS = "DEBUG $(inherited)";
				SWIFT_OPTIMIZATION_LEVEL = "-Onone";
			};
			name = Debug;
		};
		FABC46772C73E2D6008DA69B /* Release */ = {
			isa = XCBuildConfiguration;
			buildSettings = {
				ALWAYS_SEARCH_USER_PATHS = NO;
				ASSETCATALOG_COMPILER_GENERATE_SWIFT_ASSET_SYMBOL_EXTENSIONS = YES;
				CLANG_ANALYZER_NONNULL = YES;
				CLANG_ANALYZER_NUMBER_OBJECT_CONVERSION = YES_AGGRESSIVE;
				CLANG_CXX_LANGUAGE_STANDARD = "gnu++20";
				CLANG_ENABLE_MODULES = YES;
				CLANG_ENABLE_OBJC_ARC = YES;
				CLANG_ENABLE_OBJC_WEAK = YES;
				CLANG_WARN_BLOCK_CAPTURE_AUTORELEASING = YES;
				CLANG_WARN_BOOL_CONVERSION = YES;
				CLANG_WARN_COMMA = YES;
				CLANG_WARN_CONSTANT_CONVERSION = YES;
				CLANG_WARN_DEPRECATED_OBJC_IMPLEMENTATIONS = YES;
				CLANG_WARN_DIRECT_OBJC_ISA_USAGE = YES_ERROR;
				CLANG_WARN_DOCUMENTATION_COMMENTS = YES;
				CLANG_WARN_EMPTY_BODY = YES;
				CLANG_WARN_ENUM_CONVERSION = YES;
				CLANG_WARN_INFINITE_RECURSION = YES;
				CLANG_WARN_INT_CONVERSION = YES;
				CLANG_WARN_NON_LITERAL_NULL_CONVERSION = YES;
				CLANG_WARN_OBJC_IMPLICIT_RETAIN_SELF = YES;
				CLANG_WARN_OBJC_LITERAL_CONVERSION = YES;
				CLANG_WARN_OBJC_ROOT_CLASS = YES_ERROR;
				CLANG_WARN_QUOTED_INCLUDE_IN_FRAMEWORK_HEADER = YES;
				CLANG_WARN_RANGE_LOOP_ANALYSIS = YES;
				CLANG_WARN_STRICT_PROTOTYPES = YES;
				CLANG_WARN_SUSPICIOUS_MOVE = YES;
				CLANG_WARN_UNGUARDED_AVAILABILITY = YES_AGGRESSIVE;
				CLANG_WARN_UNREACHABLE_CODE = YES;
				CLANG_WARN__DUPLICATE_METHOD_MATCH = YES;
				COPY_PHASE_STRIP = NO;
				DEBUG_INFORMATION_FORMAT = "dwarf-with-dsym";
				ENABLE_NS_ASSERTIONS = NO;
				ENABLE_STRICT_OBJC_MSGSEND = YES;
				ENABLE_USER_SCRIPT_SANDBOXING = YES;
				GCC_C_LANGUAGE_STANDARD = gnu17;
				GCC_NO_COMMON_BLOCKS = YES;
				GCC_WARN_64_TO_32_BIT_CONVERSION = YES;
				GCC_WARN_ABOUT_RETURN_TYPE = YES_ERROR;
				GCC_WARN_UNDECLARED_SELECTOR = YES;
				GCC_WARN_UNINITIALIZED_AUTOS = YES_AGGRESSIVE;
				GCC_WARN_UNUSED_FUNCTION = YES;
				GCC_WARN_UNUSED_VARIABLE = YES;
				IPHONEOS_DEPLOYMENT_TARGET = 17.5;
				LOCALIZATION_PREFERS_STRING_CATALOGS = YES;
				MTL_ENABLE_DEBUG_INFO = NO;
				MTL_FAST_MATH = YES;
				SDKROOT = iphoneos;
				SWIFT_COMPILATION_MODE = wholemodule;
				VALIDATE_PRODUCT = YES;
			};
			name = Release;
		};
		FABC46792C73E2D6008DA69B /* Debug */ = {
			isa = XCBuildConfiguration;
			buildSettings = {
				ASSETCATALOG_COMPILER_APPICON_NAME = AppIcon;
				ASSETCATALOG_COMPILER_GLOBAL_ACCENT_COLOR_NAME = AccentColor;
				CODE_SIGN_STYLE = Automatic;
				CURRENT_PROJECT_VERSION = 1;
				DEVELOPMENT_ASSET_PATHS = "\"Whatsapp/Preview Content\"";
				DEVELOPMENT_TEAM = 7V9A3KLB32;
				ENABLE_PREVIEWS = YES;
				GENERATE_INFOPLIST_FILE = YES;
				INFOPLIST_KEY_NSMicrophoneUsageDescription = "$(PRODUCT_NAME) needs to access microphone to record voice messages,";
				INFOPLIST_KEY_UIApplicationSceneManifest_Generation = YES;
				INFOPLIST_KEY_UIApplicationSupportsIndirectInputEvents = YES;
				INFOPLIST_KEY_UILaunchScreen_Generation = YES;
				INFOPLIST_KEY_UISupportedInterfaceOrientations_iPad = "UIInterfaceOrientationPortrait UIInterfaceOrientationPortraitUpsideDown UIInterfaceOrientationLandscapeLeft UIInterfaceOrientationLandscapeRight";
				INFOPLIST_KEY_UISupportedInterfaceOrientations_iPhone = "UIInterfaceOrientationPortrait UIInterfaceOrientationLandscapeLeft UIInterfaceOrientationLandscapeRight";
				IPHONEOS_DEPLOYMENT_TARGET = 16.6;
				LD_RUNPATH_SEARCH_PATHS = (
					"$(inherited)",
					"@executable_path/Frameworks",
				);
				MARKETING_VERSION = 1.0;
				PRODUCT_BUNDLE_IDENTIFIER = com.swiftui.Whatsapp;
				PRODUCT_NAME = "$(TARGET_NAME)";
				SWIFT_EMIT_LOC_STRINGS = YES;
				SWIFT_VERSION = 5.0;
				TARGETED_DEVICE_FAMILY = "1,2";
			};
			name = Debug;
		};
		FABC467A2C73E2D6008DA69B /* Release */ = {
			isa = XCBuildConfiguration;
			buildSettings = {
				ASSETCATALOG_COMPILER_APPICON_NAME = AppIcon;
				ASSETCATALOG_COMPILER_GLOBAL_ACCENT_COLOR_NAME = AccentColor;
				CODE_SIGN_STYLE = Automatic;
				CURRENT_PROJECT_VERSION = 1;
				DEVELOPMENT_ASSET_PATHS = "\"Whatsapp/Preview Content\"";
				DEVELOPMENT_TEAM = 7V9A3KLB32;
				ENABLE_PREVIEWS = YES;
				GENERATE_INFOPLIST_FILE = YES;
				INFOPLIST_KEY_NSMicrophoneUsageDescription = "$(PRODUCT_NAME) needs to access microphone to record voice messages,";
				INFOPLIST_KEY_UIApplicationSceneManifest_Generation = YES;
				INFOPLIST_KEY_UIApplicationSupportsIndirectInputEvents = YES;
				INFOPLIST_KEY_UILaunchScreen_Generation = YES;
				INFOPLIST_KEY_UISupportedInterfaceOrientations_iPad = "UIInterfaceOrientationPortrait UIInterfaceOrientationPortraitUpsideDown UIInterfaceOrientationLandscapeLeft UIInterfaceOrientationLandscapeRight";
				INFOPLIST_KEY_UISupportedInterfaceOrientations_iPhone = "UIInterfaceOrientationPortrait UIInterfaceOrientationLandscapeLeft UIInterfaceOrientationLandscapeRight";
				IPHONEOS_DEPLOYMENT_TARGET = 16.6;
				LD_RUNPATH_SEARCH_PATHS = (
					"$(inherited)",
					"@executable_path/Frameworks",
				);
				MARKETING_VERSION = 1.0;
				PRODUCT_BUNDLE_IDENTIFIER = com.swiftui.Whatsapp;
				PRODUCT_NAME = "$(TARGET_NAME)";
				SWIFT_EMIT_LOC_STRINGS = YES;
				SWIFT_VERSION = 5.0;
				TARGETED_DEVICE_FAMILY = "1,2";
			};
			name = Release;
		};
/* End XCBuildConfiguration section */

/* Begin XCConfigurationList section */
		FABC46652C73E2D4008DA69B /* Build configuration list for PBXProject "Whatsapp" */ = {
			isa = XCConfigurationList;
			buildConfigurations = (
				FABC46762C73E2D6008DA69B /* Debug */,
				FABC46772C73E2D6008DA69B /* Release */,
			);
			defaultConfigurationIsVisible = 0;
			defaultConfigurationName = Release;
		};
		FABC46782C73E2D6008DA69B /* Build configuration list for PBXNativeTarget "Whatsapp" */ = {
			isa = XCConfigurationList;
			buildConfigurations = (
				FABC46792C73E2D6008DA69B /* Debug */,
				FABC467A2C73E2D6008DA69B /* Release */,
			);
			defaultConfigurationIsVisible = 0;
			defaultConfigurationName = Release;
		};
/* End XCConfigurationList section */

/* Begin XCRemoteSwiftPackageReference section */
		FA121B7F2C77A96700B2E5DC /* XCRemoteSwiftPackageReference "firebase-ios-sdk" */ = {
			isa = XCRemoteSwiftPackageReference;
			repositoryURL = "https://github.com/firebase/firebase-ios-sdk";
			requirement = {
				kind = upToNextMajorVersion;
				minimumVersion = 11.1.0;
			};
		};
		FA121B952C77AF9500B2E5DC /* XCRemoteSwiftPackageReference "swiftui-introspect" */ = {
			isa = XCRemoteSwiftPackageReference;
			repositoryURL = "https://github.com/siteline/swiftui-introspect";
			requirement = {
				kind = exactVersion;
				version = 1.0.0;
			};
		};
		FA121BB82C77F07A00B2E5DC /* XCRemoteSwiftPackageReference "CodableFirebase" */ = {
			isa = XCRemoteSwiftPackageReference;
			repositoryURL = "https://github.com/alickbass/CodableFirebase";
			requirement = {
				kind = upToNextMajorVersion;
				minimumVersion = 0.2.2;
			};
		};
		FA8216BF2C7D9C04005BE060 /* XCRemoteSwiftPackageReference "Kingfisher" */ = {
			isa = XCRemoteSwiftPackageReference;
			repositoryURL = "https://github.com/onevcat/Kingfisher";
			requirement = {
				kind = upToNextMajorVersion;
				minimumVersion = 7.12.0;
			};
		};
/* End XCRemoteSwiftPackageReference section */

/* Begin XCSwiftPackageProductDependency section */
		FA121B802C77A96700B2E5DC /* FirebaseAuth */ = {
			isa = XCSwiftPackageProductDependency;
			package = FA121B7F2C77A96700B2E5DC /* XCRemoteSwiftPackageReference "firebase-ios-sdk" */;
			productName = FirebaseAuth;
		};
		FA121B822C77A96700B2E5DC /* FirebaseDatabase */ = {
			isa = XCSwiftPackageProductDependency;
			package = FA121B7F2C77A96700B2E5DC /* XCRemoteSwiftPackageReference "firebase-ios-sdk" */;
			productName = FirebaseDatabase;
		};
		FA121B842C77A96700B2E5DC /* FirebaseMLModelDownloader */ = {
			isa = XCSwiftPackageProductDependency;
			package = FA121B7F2C77A96700B2E5DC /* XCRemoteSwiftPackageReference "firebase-ios-sdk" */;
			productName = FirebaseMLModelDownloader;
		};
		FA121B862C77A96700B2E5DC /* FirebaseStorage */ = {
			isa = XCSwiftPackageProductDependency;
			package = FA121B7F2C77A96700B2E5DC /* XCRemoteSwiftPackageReference "firebase-ios-sdk" */;
			productName = FirebaseStorage;
		};
		FA121B962C77AF9600B2E5DC /* SwiftUIIntrospect */ = {
			isa = XCSwiftPackageProductDependency;
			package = FA121B952C77AF9500B2E5DC /* XCRemoteSwiftPackageReference "swiftui-introspect" */;
			productName = SwiftUIIntrospect;
		};
		FA121BB92C77F07A00B2E5DC /* CodableFirebase */ = {
			isa = XCSwiftPackageProductDependency;
			package = FA121BB82C77F07A00B2E5DC /* XCRemoteSwiftPackageReference "CodableFirebase" */;
			productName = CodableFirebase;
		};
		FA8216C02C7D9C04005BE060 /* Kingfisher */ = {
			isa = XCSwiftPackageProductDependency;
			package = FA8216BF2C7D9C04005BE060 /* XCRemoteSwiftPackageReference "Kingfisher" */;
			productName = Kingfisher;
		};
/* End XCSwiftPackageProductDependency section */
	};
	rootObject = FABC46622C73E2D4008DA69B /* Project object */;
}
